{
  "requires": true,
  "lockfileVersion": 1,
  "dependencies": {
    "@firebase/app": {
      "version": "0.4.15",
      "resolved": "https://registry.npmjs.org/@firebase/app/-/app-0.4.15.tgz",
      "integrity": "sha512-/LEOJREQVNWiDulkVCSsnYT8e1Oiti84PawkEuIaO7KmiEairb3BOr+p3N3xFOCqv6rrZLnM7CEqa2voNBoIlQ==",
      "requires": {
        "@firebase/app-types": "0.4.3",
        "@firebase/logger": "0.1.23",
        "@firebase/util": "0.2.26",
        "dom-storage": "2.1.0",
        "tslib": "1.10.0",
        "xmlhttprequest": "1.8.0"
      }
    },
    "@firebase/app-types": {
      "version": "0.4.3",
      "resolved": "https://registry.npmjs.org/@firebase/app-types/-/app-types-0.4.3.tgz",
      "integrity": "sha512-VU5c+ZjejvefLVH4cjiX3Hy1w9HYMv7TtZ1tF9ZmOqT4DSIU1a3VISWoo8///cGGffr5IirMO+Q/WZLI4p8VcA=="
    },
    "@firebase/logger": {
      "version": "0.1.23",
      "resolved": "https://registry.npmjs.org/@firebase/logger/-/logger-0.1.23.tgz",
      "integrity": "sha512-/j4B4w/10gy5pG1SCudnjpc5jjqTkIQ+MfSXf7nnED0uTHmdODIWy59YK3cAH3tV7L/OSYPLwcRen7XURXRijQ=="
    },
    "@firebase/util": {
      "version": "0.2.26",
      "resolved": "https://registry.npmjs.org/@firebase/util/-/util-0.2.26.tgz",
      "integrity": "sha512-GcKcDAlJ85i1MsURKr8v2k5fkE0FkuM0ap/rYuWs44vxd2U5x6fUdoUQrKnZlclTH/xj0z+qHVQB9Vrwvp7alw==",
      "requires": {
        "tslib": "1.10.0"
      }
    },
    "dom-storage": {
      "version": "2.1.0",
      "resolved": "https://registry.npmjs.org/dom-storage/-/dom-storage-2.1.0.tgz",
      "integrity": "sha512-g6RpyWXzl0RR6OTElHKBl7nwnK87GUyZMYC7JWsB/IA73vpqK2K6LT39x4VepLxlSsWBFrPVLnsSR5Jyty0+2Q=="
    },
    "tslib": {
      "version": "1.10.0",
      "resolved": "https://registry.npmjs.org/tslib/-/tslib-1.10.0.tgz",
      "integrity": "sha512-qOebF53frne81cf0S9B41ByenJ3/IuH8yJKngAX35CmiZySA0khhkovshKK+jGCaMnVomla7gVlIcc3EvKPbTQ=="
    },
    "xmlhttprequest": {
      "version": "1.8.0",
      "resolved": "https://registry.npmjs.org/xmlhttprequest/-/xmlhttprequest-1.8.0.tgz",
      "integrity": "sha1-Z/4HXFwk/vOfnWX197f+dRcZaPw="
    }
  }
}
