// !$*UTF8*$!
{
	archiveVersion = 1;
	classes = {
	};
	objectVersion = 50;
	objects = {

/* Begin PBXBuildFile section */
		02B40DBB5BA0E3ABDC608F79 /* Pods_Wildfire1_1.framework in Frameworks */ = {isa = PBXBuildFile; fileRef = 4483B7785E5EA4F8EEDBA322 /* Pods_Wildfire1_1.framework */; };
		BA5775FCEF6517559C1353DB /* Pods_Wildfire1_1Tests.framework in Frameworks */ = {isa = PBXBuildFile; fileRef = 70977A2D67508CF8EB0AA3E3 /* Pods_Wildfire1_1Tests.framework */; };
		E2026709230ED8CF003C0AF4 /* LoginViewController.swift in Sources */ = {isa = PBXBuildFile; fileRef = E2026708230ED8CF003C0AF4 /* LoginViewController.swift */; };
		E2149704231410240048D149 /* HomeViewController.swift in Sources */ = {isa = PBXBuildFile; fileRef = E2149703231410240048D149 /* HomeViewController.swift */; };
		E21AC96321EA6BEF00D460A9 /* AppDelegate.swift in Sources */ = {isa = PBXBuildFile; fileRef = E21AC96221EA6BEF00D460A9 /* AppDelegate.swift */; };
		E21AC96521EA6BEF00D460A9 /* PayViewController.swift in Sources */ = {isa = PBXBuildFile; fileRef = E21AC96421EA6BEF00D460A9 /* PayViewController.swift */; };
		E21AC96721EA6BEF00D460A9 /* ReceiveViewController.swift in Sources */ = {isa = PBXBuildFile; fileRef = E21AC96621EA6BEF00D460A9 /* ReceiveViewController.swift */; };
		E21AC96A21EA6BEF00D460A9 /* Main.storyboard in Resources */ = {isa = PBXBuildFile; fileRef = E21AC96821EA6BEF00D460A9 /* Main.storyboard */; };
		E21AC96F21EA6BF000D460A9 /* LaunchScreen.storyboard in Resources */ = {isa = PBXBuildFile; fileRef = E21AC96D21EA6BF000D460A9 /* LaunchScreen.storyboard */; };
		E21AC97A21EA6BF000D460A9 /* Wildfire1_1Tests.swift in Sources */ = {isa = PBXBuildFile; fileRef = E21AC97921EA6BF000D460A9 /* Wildfire1_1Tests.swift */; };
		E21AC98521EA6C9E00D460A9 /* AccountViewController.swift in Sources */ = {isa = PBXBuildFile; fileRef = E21AC98421EA6C9E00D460A9 /* AccountViewController.swift */; };
		E24388A523154A5200948AD5 /* Utilities.swift in Sources */ = {isa = PBXBuildFile; fileRef = E24388A423154A5200948AD5 /* Utilities.swift */; };
		E24388A82315532200948AD5 /* Constants.swift in Sources */ = {isa = PBXBuildFile; fileRef = E24388A72315532200948AD5 /* Constants.swift */; };
		E24388AA231575DA00948AD5 /* CustomSegues.swift in Sources */ = {isa = PBXBuildFile; fileRef = E24388A9231575DA00948AD5 /* CustomSegues.swift */; };
		E24388AD2315A5AC00948AD5 /* WildfireLogin.mp4 in Resources */ = {isa = PBXBuildFile; fileRef = E24388AC2315A5AC00948AD5 /* WildfireLogin.mp4 */; };
		E278AE0621FCEFDF00A65309 /* GoogleService-Info.plist in Resources */ = {isa = PBXBuildFile; fileRef = E278AE0521FCEFDF00A65309 /* GoogleService-Info.plist */; };
		E279717D231433AF00964F25 /* SignUpViewController.swift in Sources */ = {isa = PBXBuildFile; fileRef = E279717C231433AF00964F25 /* SignUpViewController.swift */; };
		E279717F231433D500964F25 /* ExistingUserViewController.swift in Sources */ = {isa = PBXBuildFile; fileRef = E279717E231433D500964F25 /* ExistingUserViewController.swift */; };
		E2AD346821F384430030FA2E /* Assets.xcassets in Resources */ = {isa = PBXBuildFile; fileRef = E2AD346721F384430030FA2E /* Assets.xcassets */; };
		E2B979E12329609E00194E75 /* ScanViewController.swift in Sources */ = {isa = PBXBuildFile; fileRef = E21AC99621EA850C00D460A9 /* ScanViewController.swift */; };
		E2B979E3232960B000194E75 /* ConfirmViewController.swift in Sources */ = {isa = PBXBuildFile; fileRef = E2B979DE23295DB000194E75 /* ConfirmViewController.swift */; };
/* End PBXBuildFile section */

/* Begin PBXContainerItemProxy section */
		E21AC97621EA6BF000D460A9 /* PBXContainerItemProxy */ = {
			isa = PBXContainerItemProxy;
			containerPortal = E21AC95721EA6BEF00D460A9 /* Project object */;
			proxyType = 1;
			remoteGlobalIDString = E21AC95E21EA6BEF00D460A9;
			remoteInfo = Wildfire1.1;
		};
/* End PBXContainerItemProxy section */

/* Begin PBXFileReference section */
		2E74D15B5FC7AC373C8CDDA2 /* Pods-Wildfire1.1.release.xcconfig */ = {isa = PBXFileReference; includeInIndex = 1; lastKnownFileType = text.xcconfig; name = "Pods-Wildfire1.1.release.xcconfig"; path = "Pods/Target Support Files/Pods-Wildfire1.1/Pods-Wildfire1.1.release.xcconfig"; sourceTree = "<group>"; };
		4483B7785E5EA4F8EEDBA322 /* Pods_Wildfire1_1.framework */ = {isa = PBXFileReference; explicitFileType = wrapper.framework; includeInIndex = 0; path = Pods_Wildfire1_1.framework; sourceTree = BUILT_PRODUCTS_DIR; };
		70977A2D67508CF8EB0AA3E3 /* Pods_Wildfire1_1Tests.framework */ = {isa = PBXFileReference; explicitFileType = wrapper.framework; includeInIndex = 0; path = Pods_Wildfire1_1Tests.framework; sourceTree = BUILT_PRODUCTS_DIR; };
		B1E15A2B9797B338CC0D02CA /* Pods-Wildfire1.1Tests.debug.xcconfig */ = {isa = PBXFileReference; includeInIndex = 1; lastKnownFileType = text.xcconfig; name = "Pods-Wildfire1.1Tests.debug.xcconfig"; path = "Pods/Target Support Files/Pods-Wildfire1.1Tests/Pods-Wildfire1.1Tests.debug.xcconfig"; sourceTree = "<group>"; };
		E2026708230ED8CF003C0AF4 /* LoginViewController.swift */ = {isa = PBXFileReference; lastKnownFileType = sourcecode.swift; path = LoginViewController.swift; sourceTree = "<group>"; };
		E2149703231410240048D149 /* HomeViewController.swift */ = {isa = PBXFileReference; lastKnownFileType = sourcecode.swift; path = HomeViewController.swift; sourceTree = "<group>"; };
		E21AC95F21EA6BEF00D460A9 /* Wildfire1.1.app */ = {isa = PBXFileReference; explicitFileType = wrapper.application; includeInIndex = 0; path = Wildfire1.1.app; sourceTree = BUILT_PRODUCTS_DIR; };
		E21AC96221EA6BEF00D460A9 /* AppDelegate.swift */ = {isa = PBXFileReference; lastKnownFileType = sourcecode.swift; path = AppDelegate.swift; sourceTree = "<group>"; };
		E21AC96421EA6BEF00D460A9 /* PayViewController.swift */ = {isa = PBXFileReference; lastKnownFileType = sourcecode.swift; path = PayViewController.swift; sourceTree = "<group>"; };
		E21AC96621EA6BEF00D460A9 /* ReceiveViewController.swift */ = {isa = PBXFileReference; lastKnownFileType = sourcecode.swift; path = ReceiveViewController.swift; sourceTree = "<group>"; };
		E21AC96921EA6BEF00D460A9 /* Base */ = {isa = PBXFileReference; lastKnownFileType = file.storyboard; name = Base; path = Base.lproj/Main.storyboard; sourceTree = "<group>"; };
		E21AC96E21EA6BF000D460A9 /* Base */ = {isa = PBXFileReference; lastKnownFileType = file.storyboard; name = Base; path = Base.lproj/LaunchScreen.storyboard; sourceTree = "<group>"; };
		E21AC97021EA6BF000D460A9 /* Info.plist */ = {isa = PBXFileReference; lastKnownFileType = text.plist.xml; path = Info.plist; sourceTree = "<group>"; };
		E21AC97521EA6BF000D460A9 /* Wildfire1.1Tests.xctest */ = {isa = PBXFileReference; explicitFileType = wrapper.cfbundle; includeInIndex = 0; path = Wildfire1.1Tests.xctest; sourceTree = BUILT_PRODUCTS_DIR; };
		E21AC97921EA6BF000D460A9 /* Wildfire1_1Tests.swift */ = {isa = PBXFileReference; lastKnownFileType = sourcecode.swift; path = Wildfire1_1Tests.swift; sourceTree = "<group>"; };
		E21AC97B21EA6BF000D460A9 /* Info.plist */ = {isa = PBXFileReference; lastKnownFileType = text.plist.xml; path = Info.plist; sourceTree = "<group>"; };
		E21AC98421EA6C9E00D460A9 /* AccountViewController.swift */ = {isa = PBXFileReference; lastKnownFileType = sourcecode.swift; path = AccountViewController.swift; sourceTree = "<group>"; };
		E21AC99621EA850C00D460A9 /* ScanViewController.swift */ = {isa = PBXFileReference; lastKnownFileType = sourcecode.swift; path = ScanViewController.swift; sourceTree = "<group>"; };
		E24388A423154A5200948AD5 /* Utilities.swift */ = {isa = PBXFileReference; fileEncoding = 4; lastKnownFileType = sourcecode.swift; path = Utilities.swift; sourceTree = "<group>"; };
		E24388A72315532200948AD5 /* Constants.swift */ = {isa = PBXFileReference; fileEncoding = 4; lastKnownFileType = sourcecode.swift; path = Constants.swift; sourceTree = "<group>"; };
		E24388A9231575DA00948AD5 /* CustomSegues.swift */ = {isa = PBXFileReference; lastKnownFileType = sourcecode.swift; path = CustomSegues.swift; sourceTree = "<group>"; };
		E24388AC2315A5AC00948AD5 /* WildfireLogin.mp4 */ = {isa = PBXFileReference; lastKnownFileType = file; path = WildfireLogin.mp4; sourceTree = "<group>"; };
		E278AE0521FCEFDF00A65309 /* GoogleService-Info.plist */ = {isa = PBXFileReference; fileEncoding = 4; lastKnownFileType = text.plist.xml; path = "GoogleService-Info.plist"; sourceTree = "<group>"; };
		E279717C231433AF00964F25 /* SignUpViewController.swift */ = {isa = PBXFileReference; lastKnownFileType = sourcecode.swift; path = SignUpViewController.swift; sourceTree = "<group>"; };
		E279717E231433D500964F25 /* ExistingUserViewController.swift */ = {isa = PBXFileReference; lastKnownFileType = sourcecode.swift; path = ExistingUserViewController.swift; sourceTree = "<group>"; };
		E2AD346721F384430030FA2E /* Assets.xcassets */ = {isa = PBXFileReference; lastKnownFileType = folder.assetcatalog; path = Assets.xcassets; sourceTree = "<group>"; };
		E2B979DB2329441900194E75 /* Playground.playground */ = {isa = PBXFileReference; lastKnownFileType = file.playground; path = Playground.playground; sourceTree = "<group>"; xcLanguageSpecificationIdentifier = xcode.lang.swift; };
		E2B979DE23295DB000194E75 /* ConfirmViewController.swift */ = {isa = PBXFileReference; lastKnownFileType = sourcecode.swift; path = ConfirmViewController.swift; sourceTree = "<group>"; };
		E39DF65F0B716BEA2ADC4042 /* Pods-Wildfire1.1Tests.release.xcconfig */ = {isa = PBXFileReference; includeInIndex = 1; lastKnownFileType = text.xcconfig; name = "Pods-Wildfire1.1Tests.release.xcconfig"; path = "Pods/Target Support Files/Pods-Wildfire1.1Tests/Pods-Wildfire1.1Tests.release.xcconfig"; sourceTree = "<group>"; };
		F9AA015D5574A5F3F757AF97 /* Pods-Wildfire1.1.debug.xcconfig */ = {isa = PBXFileReference; includeInIndex = 1; lastKnownFileType = text.xcconfig; name = "Pods-Wildfire1.1.debug.xcconfig"; path = "Pods/Target Support Files/Pods-Wildfire1.1/Pods-Wildfire1.1.debug.xcconfig"; sourceTree = "<group>"; };
/* End PBXFileReference section */

/* Begin PBXFrameworksBuildPhase section */
		E21AC95C21EA6BEF00D460A9 /* Frameworks */ = {
			isa = PBXFrameworksBuildPhase;
			buildActionMask = 2147483647;
			files = (
				02B40DBB5BA0E3ABDC608F79 /* Pods_Wildfire1_1.framework in Frameworks */,
			);
			runOnlyForDeploymentPostprocessing = 0;
		};
		E21AC97221EA6BF000D460A9 /* Frameworks */ = {
			isa = PBXFrameworksBuildPhase;
			buildActionMask = 2147483647;
			files = (
				BA5775FCEF6517559C1353DB /* Pods_Wildfire1_1Tests.framework in Frameworks */,
			);
			runOnlyForDeploymentPostprocessing = 0;
		};
/* End PBXFrameworksBuildPhase section */

/* Begin PBXGroup section */
		0237F5F24E5C98FFDA47F9E4 /* Pods */ = {
			isa = PBXGroup;
			children = (
				F9AA015D5574A5F3F757AF97 /* Pods-Wildfire1.1.debug.xcconfig */,
				2E74D15B5FC7AC373C8CDDA2 /* Pods-Wildfire1.1.release.xcconfig */,
				B1E15A2B9797B338CC0D02CA /* Pods-Wildfire1.1Tests.debug.xcconfig */,
				E39DF65F0B716BEA2ADC4042 /* Pods-Wildfire1.1Tests.release.xcconfig */,
			);
			name = Pods;
			sourceTree = "<group>";
		};
		1B3DDA1420FF8A65BC0E53E5 /* Frameworks */ = {
			isa = PBXGroup;
			children = (
				4483B7785E5EA4F8EEDBA322 /* Pods_Wildfire1_1.framework */,
				70977A2D67508CF8EB0AA3E3 /* Pods_Wildfire1_1Tests.framework */,
			);
			name = Frameworks;
			sourceTree = "<group>";
		};
		E21AC95621EA6BEF00D460A9 = {
			isa = PBXGroup;
			children = (
				E2B979DB2329441900194E75 /* Playground.playground */,
				E21AC96121EA6BEF00D460A9 /* Wildfire1.1 */,
				E21AC97821EA6BF000D460A9 /* Wildfire1.1Tests */,
				E21AC96021EA6BEF00D460A9 /* Products */,
				0237F5F24E5C98FFDA47F9E4 /* Pods */,
				1B3DDA1420FF8A65BC0E53E5 /* Frameworks */,
			);
			sourceTree = "<group>";
		};
		E21AC96021EA6BEF00D460A9 /* Products */ = {
			isa = PBXGroup;
			children = (
				E21AC95F21EA6BEF00D460A9 /* Wildfire1.1.app */,
				E21AC97521EA6BF000D460A9 /* Wildfire1.1Tests.xctest */,
			);
			name = Products;
			sourceTree = "<group>";
		};
		E21AC96121EA6BEF00D460A9 /* Wildfire1.1 */ = {
			isa = PBXGroup;
			children = (
				E21AC96221EA6BEF00D460A9 /* AppDelegate.swift */,
				E24388A623154A5800948AD5 /* Helpers */,
				E21AC96821EA6BEF00D460A9 /* Main.storyboard */,
				E257EA28230D8A9F003E2A32 /* ViewControllers */,
				E24388AB2315824D00948AD5 /* Media */,
				E2AD346721F384430030FA2E /* Assets.xcassets */,
				E21AC96D21EA6BF000D460A9 /* LaunchScreen.storyboard */,
				E278AE0521FCEFDF00A65309 /* GoogleService-Info.plist */,
				E21AC97021EA6BF000D460A9 /* Info.plist */,
			);
			path = Wildfire1.1;
			sourceTree = "<group>";
		};
		E21AC97821EA6BF000D460A9 /* Wildfire1.1Tests */ = {
			isa = PBXGroup;
			children = (
				E21AC97921EA6BF000D460A9 /* Wildfire1_1Tests.swift */,
				E21AC97B21EA6BF000D460A9 /* Info.plist */,
			);
			path = Wildfire1.1Tests;
			sourceTree = "<group>";
		};
		E24388A623154A5800948AD5 /* Helpers */ = {
			isa = PBXGroup;
			children = (
				E24388A423154A5200948AD5 /* Utilities.swift */,
				E24388A72315532200948AD5 /* Constants.swift */,
				E24388A9231575DA00948AD5 /* CustomSegues.swift */,
			);
			path = Helpers;
			sourceTree = "<group>";
		};
		E24388AB2315824D00948AD5 /* Media */ = {
			isa = PBXGroup;
			children = (
				E24388AC2315A5AC00948AD5 /* WildfireLogin.mp4 */,
			);
			path = Media;
			sourceTree = "<group>";
		};
		E257EA28230D8A9F003E2A32 /* ViewControllers */ = {
			isa = PBXGroup;
			children = (
				E2026708230ED8CF003C0AF4 /* LoginViewController.swift */,
				E279717C231433AF00964F25 /* SignUpViewController.swift */,
				E279717E231433D500964F25 /* ExistingUserViewController.swift */,
				E2149703231410240048D149 /* HomeViewController.swift */,
				E21AC96421EA6BEF00D460A9 /* PayViewController.swift */,
				E21AC99621EA850C00D460A9 /* ScanViewController.swift */,
				E2B979DE23295DB000194E75 /* ConfirmViewController.swift */,
				E21AC96621EA6BEF00D460A9 /* ReceiveViewController.swift */,
				E21AC98421EA6C9E00D460A9 /* AccountViewController.swift */,
			);
			path = ViewControllers;
			sourceTree = "<group>";
		};
/* End PBXGroup section */

/* Begin PBXNativeTarget section */
		E21AC95E21EA6BEF00D460A9 /* Wildfire1.1 */ = {
			isa = PBXNativeTarget;
			buildConfigurationList = E21AC97E21EA6BF000D460A9 /* Build configuration list for PBXNativeTarget "Wildfire1.1" */;
			buildPhases = (
				DA009A4BC750AD74C31623CC /* [CP] Check Pods Manifest.lock */,
				E21AC95B21EA6BEF00D460A9 /* Sources */,
				E21AC95C21EA6BEF00D460A9 /* Frameworks */,
				E21AC95D21EA6BEF00D460A9 /* Resources */,
				7E87FFF8C47FB8FE3D7E7AA0 /* [CP] Embed Pods Frameworks */,
				A522467376DA6BB569B3D218 /* [CP] Copy Pods Resources */,
			);
			buildRules = (
			);
			dependencies = (
			);
			name = Wildfire1.1;
			productName = Wildfire1.1;
			productReference = E21AC95F21EA6BEF00D460A9 /* Wildfire1.1.app */;
			productType = "com.apple.product-type.application";
		};
		E21AC97421EA6BF000D460A9 /* Wildfire1.1Tests */ = {
			isa = PBXNativeTarget;
			buildConfigurationList = E21AC98121EA6BF000D460A9 /* Build configuration list for PBXNativeTarget "Wildfire1.1Tests" */;
			buildPhases = (
				2BA11B43C113B5A89DA0D40E /* [CP] Check Pods Manifest.lock */,
				E21AC97121EA6BF000D460A9 /* Sources */,
				E21AC97221EA6BF000D460A9 /* Frameworks */,
				E21AC97321EA6BF000D460A9 /* Resources */,
			);
			buildRules = (
			);
			dependencies = (
				E21AC97721EA6BF000D460A9 /* PBXTargetDependency */,
			);
			name = Wildfire1.1Tests;
			productName = Wildfire1.1Tests;
			productReference = E21AC97521EA6BF000D460A9 /* Wildfire1.1Tests.xctest */;
			productType = "com.apple.product-type.bundle.unit-test";
		};
/* End PBXNativeTarget section */

/* Begin PBXProject section */
		E21AC95721EA6BEF00D460A9 /* Project object */ = {
			isa = PBXProject;
			attributes = {
				LastSwiftUpdateCheck = 1010;
				LastUpgradeCheck = 1010;
				ORGANIZATIONNAME = Wildfire;
				TargetAttributes = {
					E21AC95E21EA6BEF00D460A9 = {
						CreatedOnToolsVersion = 10.1;
						LastSwiftMigration = 1030;
					};
					E21AC97421EA6BF000D460A9 = {
						CreatedOnToolsVersion = 10.1;
						LastSwiftMigration = 1030;
						TestTargetID = E21AC95E21EA6BEF00D460A9;
					};
				};
			};
			buildConfigurationList = E21AC95A21EA6BEF00D460A9 /* Build configuration list for PBXProject "Wildfire1.1" */;
			compatibilityVersion = "Xcode 9.3";
			developmentRegion = en;
			hasScannedForEncodings = 0;
			knownRegions = (
				en,
				Base,
			);
			mainGroup = E21AC95621EA6BEF00D460A9;
			productRefGroup = E21AC96021EA6BEF00D460A9 /* Products */;
			projectDirPath = "";
			projectRoot = "";
			targets = (
				E21AC95E21EA6BEF00D460A9 /* Wildfire1.1 */,
				E21AC97421EA6BF000D460A9 /* Wildfire1.1Tests */,
			);
		};
/* End PBXProject section */

/* Begin PBXResourcesBuildPhase section */
		E21AC95D21EA6BEF00D460A9 /* Resources */ = {
			isa = PBXResourcesBuildPhase;
			buildActionMask = 2147483647;
			files = (
				E21AC96F21EA6BF000D460A9 /* LaunchScreen.storyboard in Resources */,
				E24388AD2315A5AC00948AD5 /* WildfireLogin.mp4 in Resources */,
				E278AE0621FCEFDF00A65309 /* GoogleService-Info.plist in Resources */,
				E2AD346821F384430030FA2E /* Assets.xcassets in Resources */,
				E21AC96A21EA6BEF00D460A9 /* Main.storyboard in Resources */,
			);
			runOnlyForDeploymentPostprocessing = 0;
		};
		E21AC97321EA6BF000D460A9 /* Resources */ = {
			isa = PBXResourcesBuildPhase;
			buildActionMask = 2147483647;
			files = (
			);
			runOnlyForDeploymentPostprocessing = 0;
		};
/* End PBXResourcesBuildPhase section */

/* Begin PBXShellScriptBuildPhase section */
		2BA11B43C113B5A89DA0D40E /* [CP] Check Pods Manifest.lock */ = {
			isa = PBXShellScriptBuildPhase;
			buildActionMask = 2147483647;
			files = (
			);
			inputFileListPaths = (
			);
			inputPaths = (
				"${PODS_PODFILE_DIR_PATH}/Podfile.lock",
				"${PODS_ROOT}/Manifest.lock",
			);
			name = "[CP] Check Pods Manifest.lock";
			outputFileListPaths = (
			);
			outputPaths = (
				"$(DERIVED_FILE_DIR)/Pods-Wildfire1.1Tests-checkManifestLockResult.txt",
			);
			runOnlyForDeploymentPostprocessing = 0;
			shellPath = /bin/sh;
			shellScript = "diff \"${PODS_PODFILE_DIR_PATH}/Podfile.lock\" \"${PODS_ROOT}/Manifest.lock\" > /dev/null\nif [ $? != 0 ] ; then\n    # print error to STDERR\n    echo \"error: The sandbox is not in sync with the Podfile.lock. Run 'pod install' or update your CocoaPods installation.\" >&2\n    exit 1\nfi\n# This output is used by Xcode 'outputs' to avoid re-running this script phase.\necho \"SUCCESS\" > \"${SCRIPT_OUTPUT_FILE_0}\"\n";
			showEnvVarsInLog = 0;
		};
		7E87FFF8C47FB8FE3D7E7AA0 /* [CP] Embed Pods Frameworks */ = {
			isa = PBXShellScriptBuildPhase;
			buildActionMask = 2147483647;
			files = (
			);
			inputFileListPaths = (
			);
			inputPaths = (
				"${SRCROOT}/Pods/Target Support Files/Pods-Wildfire1.1/Pods-Wildfire1.1-frameworks.sh",
				"${BUILT_PRODUCTS_DIR}/Bolts/Bolts.framework",
				"${BUILT_PRODUCTS_DIR}/BoringSSL-GRPC/openssl_grpc.framework",
				"${BUILT_PRODUCTS_DIR}/CryptoSwift/CryptoSwift.framework",
				"${BUILT_PRODUCTS_DIR}/FBSDKCoreKit/FBSDKCoreKit.framework",
				"${BUILT_PRODUCTS_DIR}/FBSDKLoginKit/FBSDKLoginKit.framework",
				"${BUILT_PRODUCTS_DIR}/GTMSessionFetcher/GTMSessionFetcher.framework",
				"${BUILT_PRODUCTS_DIR}/GoogleToolboxForMac/GoogleToolboxForMac.framework",
				"${BUILT_PRODUCTS_DIR}/GoogleUtilities/GoogleUtilities.framework",
				"${BUILT_PRODUCTS_DIR}/Protobuf/Protobuf.framework",
				"${BUILT_PRODUCTS_DIR}/SDWebImage/SDWebImage.framework",
				"${PODS_ROOT}/TwitterCore/iOS/TwitterCore.framework",
				"${PODS_ROOT}/TwitterKit/iOS/TwitterKit.framework",
				"${BUILT_PRODUCTS_DIR}/gRPC-C++/grpcpp.framework",
				"${BUILT_PRODUCTS_DIR}/gRPC-Core/grpc.framework",
				"${BUILT_PRODUCTS_DIR}/leveldb-library/leveldb.framework",
				"${BUILT_PRODUCTS_DIR}/nanopb/nanopb.framework",
			);
			name = "[CP] Embed Pods Frameworks";
			outputFileListPaths = (
			);
			outputPaths = (
				"${TARGET_BUILD_DIR}/${FRAMEWORKS_FOLDER_PATH}/Bolts.framework",
				"${TARGET_BUILD_DIR}/${FRAMEWORKS_FOLDER_PATH}/openssl_grpc.framework",
				"${TARGET_BUILD_DIR}/${FRAMEWORKS_FOLDER_PATH}/CryptoSwift.framework",
				"${TARGET_BUILD_DIR}/${FRAMEWORKS_FOLDER_PATH}/FBSDKCoreKit.framework",
				"${TARGET_BUILD_DIR}/${FRAMEWORKS_FOLDER_PATH}/FBSDKLoginKit.framework",
				"${TARGET_BUILD_DIR}/${FRAMEWORKS_FOLDER_PATH}/GTMSessionFetcher.framework",
				"${TARGET_BUILD_DIR}/${FRAMEWORKS_FOLDER_PATH}/GoogleToolboxForMac.framework",
				"${TARGET_BUILD_DIR}/${FRAMEWORKS_FOLDER_PATH}/GoogleUtilities.framework",
				"${TARGET_BUILD_DIR}/${FRAMEWORKS_FOLDER_PATH}/Protobuf.framework",
				"${TARGET_BUILD_DIR}/${FRAMEWORKS_FOLDER_PATH}/SDWebImage.framework",
				"${TARGET_BUILD_DIR}/${FRAMEWORKS_FOLDER_PATH}/TwitterCore.framework",
				"${TARGET_BUILD_DIR}/${FRAMEWORKS_FOLDER_PATH}/TwitterKit.framework",
				"${TARGET_BUILD_DIR}/${FRAMEWORKS_FOLDER_PATH}/grpcpp.framework",
				"${TARGET_BUILD_DIR}/${FRAMEWORKS_FOLDER_PATH}/grpc.framework",
				"${TARGET_BUILD_DIR}/${FRAMEWORKS_FOLDER_PATH}/leveldb.framework",
				"${TARGET_BUILD_DIR}/${FRAMEWORKS_FOLDER_PATH}/nanopb.framework",
			);
			runOnlyForDeploymentPostprocessing = 0;
			shellPath = /bin/sh;
			shellScript = "\"${SRCROOT}/Pods/Target Support Files/Pods-Wildfire1.1/Pods-Wildfire1.1-frameworks.sh\"\n";
			showEnvVarsInLog = 0;
		};
		A522467376DA6BB569B3D218 /* [CP] Copy Pods Resources */ = {
			isa = PBXShellScriptBuildPhase;
			buildActionMask = 2147483647;
			files = (
			);
			inputFileListPaths = (
			);
			inputPaths = (
				"${SRCROOT}/Pods/Target Support Files/Pods-Wildfire1.1/Pods-Wildfire1.1-resources.sh",
				"${PODS_CONFIGURATION_BUILD_DIR}/FirebaseUI/FirebaseAnonymousAuthUI.bundle",
				"${PODS_CONFIGURATION_BUILD_DIR}/FirebaseUI/FirebaseAuthUI.bundle",
				"${PODS_CONFIGURATION_BUILD_DIR}/FirebaseUI/FirebaseFacebookAuthUI.bundle",
				"${PODS_CONFIGURATION_BUILD_DIR}/FirebaseUI/FirebaseGoogleAuthUI.bundle",
				"${PODS_CONFIGURATION_BUILD_DIR}/FirebaseUI/FirebasePhoneAuthUI.bundle",
				"${PODS_CONFIGURATION_BUILD_DIR}/FirebaseUI/FirebaseTwitterAuthUI.bundle",
				"${PODS_ROOT}/GoogleSignIn/Resources/GoogleSignIn.bundle",
				"${PODS_ROOT}/TwitterKit/iOS/TwitterKit.framework/TwitterKitResources.bundle",
			);
			name = "[CP] Copy Pods Resources";
			outputFileListPaths = (
			);
			outputPaths = (
				"${TARGET_BUILD_DIR}/${UNLOCALIZED_RESOURCES_FOLDER_PATH}/FirebaseAnonymousAuthUI.bundle",
				"${TARGET_BUILD_DIR}/${UNLOCALIZED_RESOURCES_FOLDER_PATH}/FirebaseAuthUI.bundle",
				"${TARGET_BUILD_DIR}/${UNLOCALIZED_RESOURCES_FOLDER_PATH}/FirebaseFacebookAuthUI.bundle",
				"${TARGET_BUILD_DIR}/${UNLOCALIZED_RESOURCES_FOLDER_PATH}/FirebaseGoogleAuthUI.bundle",
				"${TARGET_BUILD_DIR}/${UNLOCALIZED_RESOURCES_FOLDER_PATH}/FirebasePhoneAuthUI.bundle",
				"${TARGET_BUILD_DIR}/${UNLOCALIZED_RESOURCES_FOLDER_PATH}/FirebaseTwitterAuthUI.bundle",
				"${TARGET_BUILD_DIR}/${UNLOCALIZED_RESOURCES_FOLDER_PATH}/GoogleSignIn.bundle",
				"${TARGET_BUILD_DIR}/${UNLOCALIZED_RESOURCES_FOLDER_PATH}/TwitterKitResources.bundle",
			);
			runOnlyForDeploymentPostprocessing = 0;
			shellPath = /bin/sh;
			shellScript = "\"${SRCROOT}/Pods/Target Support Files/Pods-Wildfire1.1/Pods-Wildfire1.1-resources.sh\"\n";
			showEnvVarsInLog = 0;
		};
		DA009A4BC750AD74C31623CC /* [CP] Check Pods Manifest.lock */ = {
			isa = PBXShellScriptBuildPhase;
			buildActionMask = 2147483647;
			files = (
			);
			inputFileListPaths = (
			);
			inputPaths = (
				"${PODS_PODFILE_DIR_PATH}/Podfile.lock",
				"${PODS_ROOT}/Manifest.lock",
			);
			name = "[CP] Check Pods Manifest.lock";
			outputFileListPaths = (
			);
			outputPaths = (
				"$(DERIVED_FILE_DIR)/Pods-Wildfire1.1-checkManifestLockResult.txt",
			);
			runOnlyForDeploymentPostprocessing = 0;
			shellPath = /bin/sh;
			shellScript = "diff \"${PODS_PODFILE_DIR_PATH}/Podfile.lock\" \"${PODS_ROOT}/Manifest.lock\" > /dev/null\nif [ $? != 0 ] ; then\n    # print error to STDERR\n    echo \"error: The sandbox is not in sync with the Podfile.lock. Run 'pod install' or update your CocoaPods installation.\" >&2\n    exit 1\nfi\n# This output is used by Xcode 'outputs' to avoid re-running this script phase.\necho \"SUCCESS\" > \"${SCRIPT_OUTPUT_FILE_0}\"\n";
			showEnvVarsInLog = 0;
		};
/* End PBXShellScriptBuildPhase section */

/* Begin PBXSourcesBuildPhase section */
		E21AC95B21EA6BEF00D460A9 /* Sources */ = {
			isa = PBXSourcesBuildPhase;
			buildActionMask = 2147483647;
			files = (
				E2026709230ED8CF003C0AF4 /* LoginViewController.swift in Sources */,
				E24388A82315532200948AD5 /* Constants.swift in Sources */,
				E21AC96721EA6BEF00D460A9 /* ReceiveViewController.swift in Sources */,
				E2B979E3232960B000194E75 /* ConfirmViewController.swift in Sources */,
				E2B979E12329609E00194E75 /* ScanViewController.swift in Sources */,
				E279717D231433AF00964F25 /* SignUpViewController.swift in Sources */,
				E21AC96321EA6BEF00D460A9 /* AppDelegate.swift in Sources */,
				E24388AA231575DA00948AD5 /* CustomSegues.swift in Sources */,
				E21AC98521EA6C9E00D460A9 /* AccountViewController.swift in Sources */,
				E21AC96521EA6BEF00D460A9 /* PayViewController.swift in Sources */,
				E279717F231433D500964F25 /* ExistingUserViewController.swift in Sources */,
				E24388A523154A5200948AD5 /* Utilities.swift in Sources */,
				E2149704231410240048D149 /* HomeViewController.swift in Sources */,
			);
			runOnlyForDeploymentPostprocessing = 0;
		};
		E21AC97121EA6BF000D460A9 /* Sources */ = {
			isa = PBXSourcesBuildPhase;
			buildActionMask = 2147483647;
			files = (
				E21AC97A21EA6BF000D460A9 /* Wildfire1_1Tests.swift in Sources */,
			);
			runOnlyForDeploymentPostprocessing = 0;
		};
/* End PBXSourcesBuildPhase section */

/* Begin PBXTargetDependency section */
		E21AC97721EA6BF000D460A9 /* PBXTargetDependency */ = {
			isa = PBXTargetDependency;
			target = E21AC95E21EA6BEF00D460A9 /* Wildfire1.1 */;
			targetProxy = E21AC97621EA6BF000D460A9 /* PBXContainerItemProxy */;
		};
/* End PBXTargetDependency section */

/* Begin PBXVariantGroup section */
		E21AC96821EA6BEF00D460A9 /* Main.storyboard */ = {
			isa = PBXVariantGroup;
			children = (
				E21AC96921EA6BEF00D460A9 /* Base */,
			);
			name = Main.storyboard;
			sourceTree = "<group>";
		};
		E21AC96D21EA6BF000D460A9 /* LaunchScreen.storyboard */ = {
			isa = PBXVariantGroup;
			children = (
				E21AC96E21EA6BF000D460A9 /* Base */,
			);
			name = LaunchScreen.storyboard;
			sourceTree = "<group>";
		};
/* End PBXVariantGroup section */

/* Begin XCBuildConfiguration section */
		E21AC97C21EA6BF000D460A9 /* Debug */ = {
			isa = XCBuildConfiguration;
			buildSettings = {
				ALWAYS_SEARCH_USER_PATHS = NO;
				CLANG_ANALYZER_NONNULL = YES;
				CLANG_ANALYZER_NUMBER_OBJECT_CONVERSION = YES_AGGRESSIVE;
				CLANG_CXX_LANGUAGE_STANDARD = "gnu++14";
				CLANG_CXX_LIBRARY = "libc++";
				CLANG_ENABLE_MODULES = YES;
				CLANG_ENABLE_OBJC_ARC = YES;
				CLANG_ENABLE_OBJC_WEAK = YES;
				CLANG_WARN_BLOCK_CAPTURE_AUTORELEASING = YES;
				CLANG_WARN_BOOL_CONVERSION = YES;
				CLANG_WARN_COMMA = YES;
				CLANG_WARN_CONSTANT_CONVERSION = YES;
				CLANG_WARN_DEPRECATED_OBJC_IMPLEMENTATIONS = YES;
				CLANG_WARN_DIRECT_OBJC_ISA_USAGE = YES_ERROR;
				CLANG_WARN_DOCUMENTATION_COMMENTS = YES;
				CLANG_WARN_EMPTY_BODY = YES;
				CLANG_WARN_ENUM_CONVERSION = YES;
				CLANG_WARN_INFINITE_RECURSION = YES;
				CLANG_WARN_INT_CONVERSION = YES;
				CLANG_WARN_NON_LITERAL_NULL_CONVERSION = YES;
				CLANG_WARN_OBJC_IMPLICIT_RETAIN_SELF = YES;
				CLANG_WARN_OBJC_LITERAL_CONVERSION = YES;
				CLANG_WARN_OBJC_ROOT_CLASS = YES_ERROR;
				CLANG_WARN_RANGE_LOOP_ANALYSIS = YES;
				CLANG_WARN_STRICT_PROTOTYPES = YES;
				CLANG_WARN_SUSPICIOUS_MOVE = YES;
				CLANG_WARN_UNGUARDED_AVAILABILITY = YES_AGGRESSIVE;
				CLANG_WARN_UNREACHABLE_CODE = YES;
				CLANG_WARN__DUPLICATE_METHOD_MATCH = YES;
				CODE_SIGN_IDENTITY = "iPhone Developer";
				COPY_PHASE_STRIP = NO;
				DEBUG_INFORMATION_FORMAT = dwarf;
				ENABLE_STRICT_OBJC_MSGSEND = YES;
				ENABLE_TESTABILITY = YES;
				GCC_C_LANGUAGE_STANDARD = gnu11;
				GCC_DYNAMIC_NO_PIC = NO;
				GCC_NO_COMMON_BLOCKS = YES;
				GCC_OPTIMIZATION_LEVEL = 0;
				GCC_PREPROCESSOR_DEFINITIONS = (
					"DEBUG=1",
					"$(inherited)",
				);
				GCC_WARN_64_TO_32_BIT_CONVERSION = YES;
				GCC_WARN_ABOUT_RETURN_TYPE = YES_ERROR;
				GCC_WARN_UNDECLARED_SELECTOR = YES;
				GCC_WARN_UNINITIALIZED_AUTOS = YES_AGGRESSIVE;
				GCC_WARN_UNUSED_FUNCTION = YES;
				GCC_WARN_UNUSED_VARIABLE = YES;
				IPHONEOS_DEPLOYMENT_TARGET = 12.1;
				MTL_ENABLE_DEBUG_INFO = INCLUDE_SOURCE;
				MTL_FAST_MATH = YES;
				ONLY_ACTIVE_ARCH = YES;
				SDKROOT = iphoneos;
				SWIFT_ACTIVE_COMPILATION_CONDITIONS = DEBUG;
				SWIFT_OPTIMIZATION_LEVEL = "-Onone";
			};
			name = Debug;
		};
		E21AC97D21EA6BF000D460A9 /* Release */ = {
			isa = XCBuildConfiguration;
			buildSettings = {
				ALWAYS_SEARCH_USER_PATHS = NO;
				CLANG_ANALYZER_NONNULL = YES;
				CLANG_ANALYZER_NUMBER_OBJECT_CONVERSION = YES_AGGRESSIVE;
				CLANG_CXX_LANGUAGE_STANDARD = "gnu++14";
				CLANG_CXX_LIBRARY = "libc++";
				CLANG_ENABLE_MODULES = YES;
				CLANG_ENABLE_OBJC_ARC = YES;
				CLANG_ENABLE_OBJC_WEAK = YES;
				CLANG_WARN_BLOCK_CAPTURE_AUTORELEASING = YES;
				CLANG_WARN_BOOL_CONVERSION = YES;
				CLANG_WARN_COMMA = YES;
				CLANG_WARN_CONSTANT_CONVERSION = YES;
				CLANG_WARN_DEPRECATED_OBJC_IMPLEMENTATIONS = YES;
				CLANG_WARN_DIRECT_OBJC_ISA_USAGE = YES_ERROR;
				CLANG_WARN_DOCUMENTATION_COMMENTS = YES;
				CLANG_WARN_EMPTY_BODY = YES;
				CLANG_WARN_ENUM_CONVERSION = YES;
				CLANG_WARN_INFINITE_RECURSION = YES;
				CLANG_WARN_INT_CONVERSION = YES;
				CLANG_WARN_NON_LITERAL_NULL_CONVERSION = YES;
				CLANG_WARN_OBJC_IMPLICIT_RETAIN_SELF = YES;
				CLANG_WARN_OBJC_LITERAL_CONVERSION = YES;
				CLANG_WARN_OBJC_ROOT_CLASS = YES_ERROR;
				CLANG_WARN_RANGE_LOOP_ANALYSIS = YES;
				CLANG_WARN_STRICT_PROTOTYPES = YES;
				CLANG_WARN_SUSPICIOUS_MOVE = YES;
				CLANG_WARN_UNGUARDED_AVAILABILITY = YES_AGGRESSIVE;
				CLANG_WARN_UNREACHABLE_CODE = YES;
				CLANG_WARN__DUPLICATE_METHOD_MATCH = YES;
				CODE_SIGN_IDENTITY = "iPhone Developer";
				COPY_PHASE_STRIP = NO;
				DEBUG_INFORMATION_FORMAT = "dwarf-with-dsym";
				ENABLE_NS_ASSERTIONS = NO;
				ENABLE_STRICT_OBJC_MSGSEND = YES;
				GCC_C_LANGUAGE_STANDARD = gnu11;
				GCC_NO_COMMON_BLOCKS = YES;
				GCC_WARN_64_TO_32_BIT_CONVERSION = YES;
				GCC_WARN_ABOUT_RETURN_TYPE = YES_ERROR;
				GCC_WARN_UNDECLARED_SELECTOR = YES;
				GCC_WARN_UNINITIALIZED_AUTOS = YES_AGGRESSIVE;
				GCC_WARN_UNUSED_FUNCTION = YES;
				GCC_WARN_UNUSED_VARIABLE = YES;
				IPHONEOS_DEPLOYMENT_TARGET = 12.1;
				MTL_ENABLE_DEBUG_INFO = NO;
				MTL_FAST_MATH = YES;
				SDKROOT = iphoneos;
				SWIFT_COMPILATION_MODE = wholemodule;
				SWIFT_OPTIMIZATION_LEVEL = "-O";
				VALIDATE_PRODUCT = YES;
			};
			name = Release;
		};
		E21AC97F21EA6BF000D460A9 /* Debug */ = {
			isa = XCBuildConfiguration;
			baseConfigurationReference = F9AA015D5574A5F3F757AF97 /* Pods-Wildfire1.1.debug.xcconfig */;
			buildSettings = {
				ASSETCATALOG_COMPILER_APPICON_NAME = AppIcon;
				CODE_SIGN_STYLE = Automatic;
				DEVELOPMENT_TEAM = D52N54SYXN;
				INFOPLIST_FILE = Wildfire1.1/Info.plist;
				LD_RUNPATH_SEARCH_PATHS = (
					"$(inherited)",
					"@executable_path/Frameworks",
				);
				PRODUCT_BUNDLE_IDENTIFIER = "com.wildfire.Wildfire1-1";
				PRODUCT_NAME = "$(TARGET_NAME)";
				SWIFT_VERSION = 5.0;
				TARGETED_DEVICE_FAMILY = "1,2";
			};
			name = Debug;
		};
		E21AC98021EA6BF000D460A9 /* Release */ = {
			isa = XCBuildConfiguration;
			baseConfigurationReference = 2E74D15B5FC7AC373C8CDDA2 /* Pods-Wildfire1.1.release.xcconfig */;
			buildSettings = {
				ASSETCATALOG_COMPILER_APPICON_NAME = AppIcon;
				CODE_SIGN_STYLE = Automatic;
				DEVELOPMENT_TEAM = D52N54SYXN;
				INFOPLIST_FILE = Wildfire1.1/Info.plist;
				LD_RUNPATH_SEARCH_PATHS = (
					"$(inherited)",
					"@executable_path/Frameworks",
				);
				PRODUCT_BUNDLE_IDENTIFIER = "com.wildfire.Wildfire1-1";
				PRODUCT_NAME = "$(TARGET_NAME)";
				SWIFT_VERSION = 5.0;
				TARGETED_DEVICE_FAMILY = "1,2";
			};
			name = Release;
		};
		E21AC98221EA6BF000D460A9 /* Debug */ = {
			isa = XCBuildConfiguration;
			baseConfigurationReference = B1E15A2B9797B338CC0D02CA /* Pods-Wildfire1.1Tests.debug.xcconfig */;
			buildSettings = {
				ALWAYS_EMBED_SWIFT_STANDARD_LIBRARIES = YES;
				BUNDLE_LOADER = "$(TEST_HOST)";
				CODE_SIGN_STYLE = Automatic;
				DEVELOPMENT_TEAM = D52N54SYXN;
				INFOPLIST_FILE = Wildfire1.1Tests/Info.plist;
				LD_RUNPATH_SEARCH_PATHS = (
					"$(inherited)",
					"@executable_path/Frameworks",
					"@loader_path/Frameworks",
				);
				PRODUCT_BUNDLE_IDENTIFIER = "com.wildfire.Wildfire1-1Tests";
				PRODUCT_NAME = "$(TARGET_NAME)";
				SWIFT_VERSION = 5.0;
				TARGETED_DEVICE_FAMILY = "1,2";
				TEST_HOST = "$(BUILT_PRODUCTS_DIR)/Wildfire1.1.app/Wildfire1.1";
			};
			name = Debug;
		};
		E21AC98321EA6BF000D460A9 /* Release */ = {
			isa = XCBuildConfiguration;
			baseConfigurationReference = E39DF65F0B716BEA2ADC4042 /* Pods-Wildfire1.1Tests.release.xcconfig */;
			buildSettings = {
				ALWAYS_EMBED_SWIFT_STANDARD_LIBRARIES = YES;
				BUNDLE_LOADER = "$(TEST_HOST)";
				CODE_SIGN_STYLE = Automatic;
				DEVELOPMENT_TEAM = D52N54SYXN;
				INFOPLIST_FILE = Wildfire1.1Tests/Info.plist;
				LD_RUNPATH_SEARCH_PATHS = (
					"$(inherited)",
					"@executable_path/Frameworks",
					"@loader_path/Frameworks",
				);
				PRODUCT_BUNDLE_IDENTIFIER = "com.wildfire.Wildfire1-1Tests";
				PRODUCT_NAME = "$(TARGET_NAME)";
				SWIFT_VERSION = 5.0;
				TARGETED_DEVICE_FAMILY = "1,2";
				TEST_HOST = "$(BUILT_PRODUCTS_DIR)/Wildfire1.1.app/Wildfire1.1";
			};
			name = Release;
		};
/* End XCBuildConfiguration section */

/* Begin XCConfigurationList section */
		E21AC95A21EA6BEF00D460A9 /* Build configuration list for PBXProject "Wildfire1.1" */ = {
			isa = XCConfigurationList;
			buildConfigurations = (
				E21AC97C21EA6BF000D460A9 /* Debug */,
				E21AC97D21EA6BF000D460A9 /* Release */,
			);
			defaultConfigurationIsVisible = 0;
			defaultConfigurationName = Release;
		};
		E21AC97E21EA6BF000D460A9 /* Build configuration list for PBXNativeTarget "Wildfire1.1" */ = {
			isa = XCConfigurationList;
			buildConfigurations = (
				E21AC97F21EA6BF000D460A9 /* Debug */,
				E21AC98021EA6BF000D460A9 /* Release */,
			);
			defaultConfigurationIsVisible = 0;
			defaultConfigurationName = Release;
		};
		E21AC98121EA6BF000D460A9 /* Build configuration list for PBXNativeTarget "Wildfire1.1Tests" */ = {
			isa = XCConfigurationList;
			buildConfigurations = (
				E21AC98221EA6BF000D460A9 /* Debug */,
				E21AC98321EA6BF000D460A9 /* Release */,
			);
			defaultConfigurationIsVisible = 0;
			defaultConfigurationName = Release;
		};
/* End XCConfigurationList section */
	};
	rootObject = E21AC95721EA6BEF00D460A9 /* Project object */;
}
