// !$*UTF8*$!
{
	archiveVersion = 1;
	classes = {
	};
	objectVersion = 51;
	objects = {

/* Begin PBXBuildFile section */
		BA5775FCEF6517559C1353DB /* Pods_Wildfire1_1Tests.framework in Frameworks */ = {isa = PBXBuildFile; fileRef = 70977A2D67508CF8EB0AA3E3 /* Pods_Wildfire1_1Tests.framework */; };
		CF708C6E3C57CC394A962DF4 /* Pods_Wildfire.framework in Frameworks */ = {isa = PBXBuildFile; fileRef = C3D8F0BEBC6D607CD2E3D6C6 /* Pods_Wildfire.framework */; };
		E20104EC23E93D4F00441040 /* AddCard2TableViewController.swift in Sources */ = {isa = PBXBuildFile; fileRef = E20104EB23E93D4F00441040 /* AddCard2TableViewController.swift */; };
		E20104EE23EB994F00441040 /* AddCardSuccessViewController.swift in Sources */ = {isa = PBXBuildFile; fileRef = E20104ED23EB994F00441040 /* AddCardSuccessViewController.swift */; };
		E2026709230ED8CF003C0AF4 /* LoginViewController.swift in Sources */ = {isa = PBXBuildFile; fileRef = E2026708230ED8CF003C0AF4 /* LoginViewController.swift */; };
		E2149704231410240048D149 /* HomeViewController.swift in Sources */ = {isa = PBXBuildFile; fileRef = E2149703231410240048D149 /* HomeViewController.swift */; };
		E21710F9242466D5006B4FAE /* NotificationPaymentReceivedViewController.swift in Sources */ = {isa = PBXBuildFile; fileRef = E21710F8242466D5006B4FAE /* NotificationPaymentReceivedViewController.swift */; };
		E21AC96321EA6BEF00D460A9 /* AppDelegate.swift in Sources */ = {isa = PBXBuildFile; fileRef = E21AC96221EA6BEF00D460A9 /* AppDelegate.swift */; };
		E21AC96521EA6BEF00D460A9 /* PayViewController.swift in Sources */ = {isa = PBXBuildFile; fileRef = E21AC96421EA6BEF00D460A9 /* PayViewController.swift */; };
		E21AC96721EA6BEF00D460A9 /* ReceiveViewController.swift in Sources */ = {isa = PBXBuildFile; fileRef = E21AC96621EA6BEF00D460A9 /* ReceiveViewController.swift */; };
		E21AC96A21EA6BEF00D460A9 /* Main.storyboard in Resources */ = {isa = PBXBuildFile; fileRef = E21AC96821EA6BEF00D460A9 /* Main.storyboard */; };
		E21AC96F21EA6BF000D460A9 /* LaunchScreen.storyboard in Resources */ = {isa = PBXBuildFile; fileRef = E21AC96D21EA6BF000D460A9 /* LaunchScreen.storyboard */; };
		E21AC97A21EA6BF000D460A9 /* Wildfire1_1Tests.swift in Sources */ = {isa = PBXBuildFile; fileRef = E21AC97921EA6BF000D460A9 /* Wildfire1_1Tests.swift */; };
		E21AC98521EA6C9E00D460A9 /* AccountViewController.swift in Sources */ = {isa = PBXBuildFile; fileRef = E21AC98421EA6C9E00D460A9 /* AccountViewController.swift */; };
		E222732A23420BBE006D8326 /* AddCardViewController.swift in Sources */ = {isa = PBXBuildFile; fileRef = E222732923420BBE006D8326 /* AddCardViewController.swift */; };
		E2261D1B242F2F29008170DB /* AccountAddedViewController.swift in Sources */ = {isa = PBXBuildFile; fileRef = E2261D1A242F2F29008170DB /* AccountAddedViewController.swift */; };
		E22A9CFD239546C400A35EC1 /* Account2ViewController.swift in Sources */ = {isa = PBXBuildFile; fileRef = E22A9CFC239546C400A35EC1 /* Account2ViewController.swift */; };
		E22D7E0323A7393100F86487 /* DisplayReceiptViewController.swift in Sources */ = {isa = PBXBuildFile; fileRef = E22D7E0223A7393100F86487 /* DisplayReceiptViewController.swift */; };
		E22D7E0523B04E8A00F86487 /* PaymentMethodsViewController.swift in Sources */ = {isa = PBXBuildFile; fileRef = E22D7E0423B04E8A00F86487 /* PaymentMethodsViewController.swift */; };
		E23331D323328C630039E6A2 /* SuccessViewController.swift in Sources */ = {isa = PBXBuildFile; fileRef = E23331D223328C630039E6A2 /* SuccessViewController.swift */; };
		E24388A523154A5200948AD5 /* Utilities.swift in Sources */ = {isa = PBXBuildFile; fileRef = E24388A423154A5200948AD5 /* Utilities.swift */; };
		E24388A82315532200948AD5 /* Constants.swift in Sources */ = {isa = PBXBuildFile; fileRef = E24388A72315532200948AD5 /* Constants.swift */; };
		E24388AA231575DA00948AD5 /* CustomSegues.swift in Sources */ = {isa = PBXBuildFile; fileRef = E24388A9231575DA00948AD5 /* CustomSegues.swift */; };
		E24388AD2315A5AC00948AD5 /* WildfireLogin.mp4 in Resources */ = {isa = PBXBuildFile; fileRef = E24388AC2315A5AC00948AD5 /* WildfireLogin.mp4 */; };
		E2444DF823A0A7930035674D /* ReceiptsViewController.swift in Sources */ = {isa = PBXBuildFile; fileRef = E2444DF723A0A7930035674D /* ReceiptsViewController.swift */; };
		E25213B9234E4375003B2160 /* FirebaseAuthManager.swift in Sources */ = {isa = PBXBuildFile; fileRef = E25213B8234E4375003B2160 /* FirebaseAuthManager.swift */; };
		E252A5E923F3BD0D0023AEDC /* BankDetails1TableViewController.swift in Sources */ = {isa = PBXBuildFile; fileRef = E252A5E823F3BD0D0023AEDC /* BankDetails1TableViewController.swift */; };
		E252A5EC23F3BD220023AEDC /* BankDetails2TableViewController.swift in Sources */ = {isa = PBXBuildFile; fileRef = E252A5EB23F3BD220023AEDC /* BankDetails2TableViewController.swift */; };
		E254470623FB7646005A37A1 /* BankDetailViewController.swift in Sources */ = {isa = PBXBuildFile; fileRef = E254470523FB7646005A37A1 /* BankDetailViewController.swift */; };
		E254470823FCC58F005A37A1 /* DepositViewController.swift in Sources */ = {isa = PBXBuildFile; fileRef = E254470723FCC58F005A37A1 /* DepositViewController.swift */; };
		E254470A23FCCF63005A37A1 /* ConfirmDepositViewController.swift in Sources */ = {isa = PBXBuildFile; fileRef = E254470923FCCF63005A37A1 /* ConfirmDepositViewController.swift */; };
		E25C87C12441AADA003EE6A0 /* Open_Sans in Resources */ = {isa = PBXBuildFile; fileRef = E25C87C02441AAD9003EE6A0 /* Open_Sans */; };
		E26039782350DABA0031C792 /* ProfilePicViewController.swift in Sources */ = {isa = PBXBuildFile; fileRef = E26039772350DABA0031C792 /* ProfilePicViewController.swift */; };
		E26763652355EE6B00D079C6 /* formStep3ViewController.swift in Sources */ = {isa = PBXBuildFile; fileRef = E26763642355EE6B00D079C6 /* formStep3ViewController.swift */; };
		E2676367235614DB00D079C6 /* formStep2ViewController.swift in Sources */ = {isa = PBXBuildFile; fileRef = E2676366235614DB00D079C6 /* formStep2ViewController.swift */; };
		E271C0CE23D81EED004245CC /* CardDetailsViewController.swift in Sources */ = {isa = PBXBuildFile; fileRef = E271C0CD23D81EED004245CC /* CardDetailsViewController.swift */; };
		E271C0D223D99E6F004245CC /* EditProfileTableViewController.swift in Sources */ = {isa = PBXBuildFile; fileRef = E271C0D123D99E6F004245CC /* EditProfileTableViewController.swift */; };
		E279717D231433AF00964F25 /* SignUpViewController.swift in Sources */ = {isa = PBXBuildFile; fileRef = E279717C231433AF00964F25 /* SignUpViewController.swift */; };
		E279717F231433D500964F25 /* ExistingUserViewController.swift in Sources */ = {isa = PBXBuildFile; fileRef = E279717E231433D500964F25 /* ExistingUserViewController.swift */; };
		E284815D23FA53D500D51462 /* BankAccountsViewController.swift in Sources */ = {isa = PBXBuildFile; fileRef = E284815C23FA53D500D51462 /* BankAccountsViewController.swift */; };
		E29925ED2435B02900AE5D6F /* LaunchViewController.swift in Sources */ = {isa = PBXBuildFile; fileRef = E29925EC2435B02900AE5D6F /* LaunchViewController.swift */; };
		E29925EF2437104800AE5D6F /* WILDFIRE.png in Resources */ = {isa = PBXBuildFile; fileRef = E29925EE2437104700AE5D6F /* WILDFIRE.png */; };
		E29925F12437105900AE5D6F /* WildfireLogo1500px.png in Resources */ = {isa = PBXBuildFile; fileRef = E29925F02437105800AE5D6F /* WildfireLogo1500px.png */; };
		E29CF69623586AE700ADC0D0 /* ContactsViewController.swift in Sources */ = {isa = PBXBuildFile; fileRef = E29CF69523586AE700ADC0D0 /* ContactsViewController.swift */; };
		E29CF6982359BECD00ADC0D0 /* Send2ViewController.swift in Sources */ = {isa = PBXBuildFile; fileRef = E29CF6972359BECD00ADC0D0 /* Send2ViewController.swift */; };
		E29EA43524062DAA0059C7A4 /* Graphics in Resources */ = {isa = PBXBuildFile; fileRef = E29EA43424062DAA0059C7A4 /* Graphics */; };
		E2A45D3F240F789D00EC7975 /* ButtonStyleViewController.swift in Sources */ = {isa = PBXBuildFile; fileRef = E2A45D3E240F789D00EC7975 /* ButtonStyleViewController.swift */; };
		E2A45D442419BC9800EC7975 /* InfoViews.swift in Sources */ = {isa = PBXBuildFile; fileRef = E2A45D432419BC9800EC7975 /* InfoViews.swift */; };
		E2AD346821F384430030FA2E /* Assets.xcassets in Resources */ = {isa = PBXBuildFile; fileRef = E2AD346721F384430030FA2E /* Assets.xcassets */; };
		E2B979E12329609E00194E75 /* ScanViewController.swift in Sources */ = {isa = PBXBuildFile; fileRef = E21AC99621EA850C00D460A9 /* ScanViewController.swift */; };
		E2B979E3232960B000194E75 /* ConfirmViewController.swift in Sources */ = {isa = PBXBuildFile; fileRef = E2B979DE23295DB000194E75 /* ConfirmViewController.swift */; };
		E2BEF97324468F79002EE61B /* TopUpViewController.swift in Sources */ = {isa = PBXBuildFile; fileRef = E2BEF97224468F79002EE61B /* TopUpViewController.swift */; };
		E2BEF9752446DA74002EE61B /* CreditAddedSuccessViewController.swift in Sources */ = {isa = PBXBuildFile; fileRef = E2BEF9742446DA74002EE61B /* CreditAddedSuccessViewController.swift */; };
		E2BEF97A24486055002EE61B /* GoogleService-Info.plist in Resources */ = {isa = PBXBuildFile; fileRef = E2BEF97924486055002EE61B /* GoogleService-Info.plist */; };
		E2BEF97B24486055002EE61B /* GoogleService-Info.plist in Resources */ = {isa = PBXBuildFile; fileRef = E2BEF97924486055002EE61B /* GoogleService-Info.plist */; };
		E2C23A69244D4D6B003B6CEE /* TermsViewController.swift in Sources */ = {isa = PBXBuildFile; fileRef = E2C23A68244D4D6B003B6CEE /* TermsViewController.swift */; };
		E2CDF4AB235F2126002E155D /* PhoneViewController.swift in Sources */ = {isa = PBXBuildFile; fileRef = E2CDF4AA235F2126002E155D /* PhoneViewController.swift */; };
		E2CDF4AD235F2859002E155D /* VerificationCodeViewController.swift in Sources */ = {isa = PBXBuildFile; fileRef = E2CDF4AC235F2859002E155D /* VerificationCodeViewController.swift */; };
		E2DEF201240D0610006A6106 /* DocumentTypeViewController.swift in Sources */ = {isa = PBXBuildFile; fileRef = E2DEF200240D0610006A6106 /* DocumentTypeViewController.swift */; };
		E2DEF203240E2C96006A6106 /* KYCSuccessViewController.swift in Sources */ = {isa = PBXBuildFile; fileRef = E2DEF202240E2C96006A6106 /* KYCSuccessViewController.swift */; };
		E2E283FD240CDDA200D97DDF /* PassportUploadViewController.swift in Sources */ = {isa = PBXBuildFile; fileRef = E2E283FC240CDDA200D97DDF /* PassportUploadViewController.swift */; };
		E2E283FF240CDDD400D97DDF /* DriverLicenceFrontUploadViewController.swift in Sources */ = {isa = PBXBuildFile; fileRef = E2E283FE240CDDD400D97DDF /* DriverLicenceFrontUploadViewController.swift */; };
		E2E28401240CDDE600D97DDF /* DriverLicenceBackUploadViewController.swift in Sources */ = {isa = PBXBuildFile; fileRef = E2E28400240CDDE600D97DDF /* DriverLicenceBackUploadViewController.swift */; };
		E2FA9ED62333D70D0068792D /* PaymentSetupViewController.swift in Sources */ = {isa = PBXBuildFile; fileRef = E2FA9ED52333D70D0068792D /* PaymentSetupViewController.swift */; };
		E2FA9ED82334E6130068792D /* NetworkingClient.swift in Sources */ = {isa = PBXBuildFile; fileRef = E2FA9ED72334E6130068792D /* NetworkingClient.swift */; };
/* End PBXBuildFile section */

/* Begin PBXContainerItemProxy section */
		E21AC97621EA6BF000D460A9 /* PBXContainerItemProxy */ = {
			isa = PBXContainerItemProxy;
			containerPortal = E21AC95721EA6BEF00D460A9 /* Project object */;
			proxyType = 1;
			remoteGlobalIDString = E21AC95E21EA6BEF00D460A9;
			remoteInfo = Wildfire1.1;
		};
/* End PBXContainerItemProxy section */

/* Begin PBXFileReference section */
		2E74D15B5FC7AC373C8CDDA2 /* Pods-Wildfire1.1.release.xcconfig */ = {isa = PBXFileReference; includeInIndex = 1; lastKnownFileType = text.xcconfig; name = "Pods-Wildfire1.1.release.xcconfig"; path = "Pods/Target Support Files/Pods-Wildfire1.1/Pods-Wildfire1.1.release.xcconfig"; sourceTree = "<group>"; };
		70977A2D67508CF8EB0AA3E3 /* Pods_Wildfire1_1Tests.framework */ = {isa = PBXFileReference; explicitFileType = wrapper.framework; includeInIndex = 0; path = Pods_Wildfire1_1Tests.framework; sourceTree = BUILT_PRODUCTS_DIR; };
		751530234A92A18BF95F2537 /* Pods-Wildfire.release.xcconfig */ = {isa = PBXFileReference; includeInIndex = 1; lastKnownFileType = text.xcconfig; name = "Pods-Wildfire.release.xcconfig"; path = "Pods/Target Support Files/Pods-Wildfire/Pods-Wildfire.release.xcconfig"; sourceTree = "<group>"; };
		B1E15A2B9797B338CC0D02CA /* Pods-Wildfire1.1Tests.debug.xcconfig */ = {isa = PBXFileReference; includeInIndex = 1; lastKnownFileType = text.xcconfig; name = "Pods-Wildfire1.1Tests.debug.xcconfig"; path = "Pods/Target Support Files/Pods-Wildfire1.1Tests/Pods-Wildfire1.1Tests.debug.xcconfig"; sourceTree = "<group>"; };
		C3D8F0BEBC6D607CD2E3D6C6 /* Pods_Wildfire.framework */ = {isa = PBXFileReference; explicitFileType = wrapper.framework; includeInIndex = 0; path = Pods_Wildfire.framework; sourceTree = BUILT_PRODUCTS_DIR; };
		D09E9BCCC2AD60710AAC8F2E /* Pods-Wildfire.debug.xcconfig */ = {isa = PBXFileReference; includeInIndex = 1; lastKnownFileType = text.xcconfig; name = "Pods-Wildfire.debug.xcconfig"; path = "Pods/Target Support Files/Pods-Wildfire/Pods-Wildfire.debug.xcconfig"; sourceTree = "<group>"; };
		E20104EB23E93D4F00441040 /* AddCard2TableViewController.swift */ = {isa = PBXFileReference; lastKnownFileType = sourcecode.swift; path = AddCard2TableViewController.swift; sourceTree = "<group>"; };
		E20104ED23EB994F00441040 /* AddCardSuccessViewController.swift */ = {isa = PBXFileReference; lastKnownFileType = sourcecode.swift; path = AddCardSuccessViewController.swift; sourceTree = "<group>"; };
		E2026708230ED8CF003C0AF4 /* LoginViewController.swift */ = {isa = PBXFileReference; lastKnownFileType = sourcecode.swift; path = LoginViewController.swift; sourceTree = "<group>"; };
		E2149703231410240048D149 /* HomeViewController.swift */ = {isa = PBXFileReference; lastKnownFileType = sourcecode.swift; path = HomeViewController.swift; sourceTree = "<group>"; };
		E21710F8242466D5006B4FAE /* NotificationPaymentReceivedViewController.swift */ = {isa = PBXFileReference; lastKnownFileType = sourcecode.swift; path = NotificationPaymentReceivedViewController.swift; sourceTree = "<group>"; };
		E21AC95F21EA6BEF00D460A9 /* Wildfire.app */ = {isa = PBXFileReference; explicitFileType = wrapper.application; includeInIndex = 0; path = Wildfire.app; sourceTree = BUILT_PRODUCTS_DIR; };
		E21AC96221EA6BEF00D460A9 /* AppDelegate.swift */ = {isa = PBXFileReference; lastKnownFileType = sourcecode.swift; path = AppDelegate.swift; sourceTree = "<group>"; };
		E21AC96421EA6BEF00D460A9 /* PayViewController.swift */ = {isa = PBXFileReference; lastKnownFileType = sourcecode.swift; path = PayViewController.swift; sourceTree = "<group>"; };
		E21AC96621EA6BEF00D460A9 /* ReceiveViewController.swift */ = {isa = PBXFileReference; lastKnownFileType = sourcecode.swift; path = ReceiveViewController.swift; sourceTree = "<group>"; };
		E21AC96921EA6BEF00D460A9 /* Base */ = {isa = PBXFileReference; lastKnownFileType = file.storyboard; name = Base; path = Base.lproj/Main.storyboard; sourceTree = "<group>"; };
		E21AC96E21EA6BF000D460A9 /* Base */ = {isa = PBXFileReference; lastKnownFileType = file.storyboard; name = Base; path = Base.lproj/LaunchScreen.storyboard; sourceTree = "<group>"; };
		E21AC97021EA6BF000D460A9 /* Info.plist */ = {isa = PBXFileReference; lastKnownFileType = text.plist.xml; path = Info.plist; sourceTree = "<group>"; };
		E21AC97521EA6BF000D460A9 /* Wildfire1.1Tests.xctest */ = {isa = PBXFileReference; explicitFileType = wrapper.cfbundle; includeInIndex = 0; path = Wildfire1.1Tests.xctest; sourceTree = BUILT_PRODUCTS_DIR; };
		E21AC97921EA6BF000D460A9 /* Wildfire1_1Tests.swift */ = {isa = PBXFileReference; lastKnownFileType = sourcecode.swift; path = Wildfire1_1Tests.swift; sourceTree = "<group>"; };
		E21AC97B21EA6BF000D460A9 /* Info.plist */ = {isa = PBXFileReference; lastKnownFileType = text.plist.xml; path = Info.plist; sourceTree = "<group>"; };
		E21AC98421EA6C9E00D460A9 /* AccountViewController.swift */ = {isa = PBXFileReference; lastKnownFileType = sourcecode.swift; path = AccountViewController.swift; sourceTree = "<group>"; };
		E21AC99621EA850C00D460A9 /* ScanViewController.swift */ = {isa = PBXFileReference; lastKnownFileType = sourcecode.swift; path = ScanViewController.swift; sourceTree = "<group>"; };
		E222732923420BBE006D8326 /* AddCardViewController.swift */ = {isa = PBXFileReference; lastKnownFileType = sourcecode.swift; path = AddCardViewController.swift; sourceTree = "<group>"; };
		E2261D1A242F2F29008170DB /* AccountAddedViewController.swift */ = {isa = PBXFileReference; lastKnownFileType = sourcecode.swift; path = AccountAddedViewController.swift; sourceTree = "<group>"; };
		E22A9CFC239546C400A35EC1 /* Account2ViewController.swift */ = {isa = PBXFileReference; lastKnownFileType = sourcecode.swift; path = Account2ViewController.swift; sourceTree = "<group>"; };
		E22D7E0223A7393100F86487 /* DisplayReceiptViewController.swift */ = {isa = PBXFileReference; lastKnownFileType = sourcecode.swift; path = DisplayReceiptViewController.swift; sourceTree = "<group>"; };
		E22D7E0423B04E8A00F86487 /* PaymentMethodsViewController.swift */ = {isa = PBXFileReference; lastKnownFileType = sourcecode.swift; path = PaymentMethodsViewController.swift; sourceTree = "<group>"; };
		E23331D223328C630039E6A2 /* SuccessViewController.swift */ = {isa = PBXFileReference; lastKnownFileType = sourcecode.swift; path = SuccessViewController.swift; sourceTree = "<group>"; };
		E24388A423154A5200948AD5 /* Utilities.swift */ = {isa = PBXFileReference; fileEncoding = 4; lastKnownFileType = sourcecode.swift; path = Utilities.swift; sourceTree = "<group>"; };
		E24388A72315532200948AD5 /* Constants.swift */ = {isa = PBXFileReference; fileEncoding = 4; lastKnownFileType = sourcecode.swift; path = Constants.swift; sourceTree = "<group>"; };
		E24388A9231575DA00948AD5 /* CustomSegues.swift */ = {isa = PBXFileReference; lastKnownFileType = sourcecode.swift; path = CustomSegues.swift; sourceTree = "<group>"; };
		E24388AC2315A5AC00948AD5 /* WildfireLogin.mp4 */ = {isa = PBXFileReference; lastKnownFileType = file; path = WildfireLogin.mp4; sourceTree = "<group>"; };
		E2444DF723A0A7930035674D /* ReceiptsViewController.swift */ = {isa = PBXFileReference; lastKnownFileType = sourcecode.swift; path = ReceiptsViewController.swift; sourceTree = "<group>"; };
		E25213B8234E4375003B2160 /* FirebaseAuthManager.swift */ = {isa = PBXFileReference; lastKnownFileType = sourcecode.swift; path = FirebaseAuthManager.swift; sourceTree = "<group>"; };
		E252A5E823F3BD0D0023AEDC /* BankDetails1TableViewController.swift */ = {isa = PBXFileReference; lastKnownFileType = sourcecode.swift; path = BankDetails1TableViewController.swift; sourceTree = "<group>"; };
		E252A5EB23F3BD220023AEDC /* BankDetails2TableViewController.swift */ = {isa = PBXFileReference; lastKnownFileType = sourcecode.swift; path = BankDetails2TableViewController.swift; sourceTree = "<group>"; };
		E254470523FB7646005A37A1 /* BankDetailViewController.swift */ = {isa = PBXFileReference; lastKnownFileType = sourcecode.swift; path = BankDetailViewController.swift; sourceTree = "<group>"; };
		E254470723FCC58F005A37A1 /* DepositViewController.swift */ = {isa = PBXFileReference; lastKnownFileType = sourcecode.swift; path = DepositViewController.swift; sourceTree = "<group>"; };
		E254470923FCCF63005A37A1 /* ConfirmDepositViewController.swift */ = {isa = PBXFileReference; lastKnownFileType = sourcecode.swift; path = ConfirmDepositViewController.swift; sourceTree = "<group>"; };
		E25C87C02441AAD9003EE6A0 /* Open_Sans */ = {isa = PBXFileReference; fileEncoding = 4; lastKnownFileType = text; path = Open_Sans; sourceTree = SOURCE_ROOT; };
		E26039772350DABA0031C792 /* ProfilePicViewController.swift */ = {isa = PBXFileReference; lastKnownFileType = sourcecode.swift; path = ProfilePicViewController.swift; sourceTree = "<group>"; };
		E26763642355EE6B00D079C6 /* formStep3ViewController.swift */ = {isa = PBXFileReference; lastKnownFileType = sourcecode.swift; path = formStep3ViewController.swift; sourceTree = "<group>"; };
		E2676366235614DB00D079C6 /* formStep2ViewController.swift */ = {isa = PBXFileReference; lastKnownFileType = sourcecode.swift; path = formStep2ViewController.swift; sourceTree = "<group>"; };
		E271C0CD23D81EED004245CC /* CardDetailsViewController.swift */ = {isa = PBXFileReference; lastKnownFileType = sourcecode.swift; path = CardDetailsViewController.swift; sourceTree = "<group>"; };
		E271C0D123D99E6F004245CC /* EditProfileTableViewController.swift */ = {isa = PBXFileReference; lastKnownFileType = sourcecode.swift; path = EditProfileTableViewController.swift; sourceTree = "<group>"; };
		E279717C231433AF00964F25 /* SignUpViewController.swift */ = {isa = PBXFileReference; lastKnownFileType = sourcecode.swift; path = SignUpViewController.swift; sourceTree = "<group>"; };
		E279717E231433D500964F25 /* ExistingUserViewController.swift */ = {isa = PBXFileReference; lastKnownFileType = sourcecode.swift; path = ExistingUserViewController.swift; sourceTree = "<group>"; };
		E284815C23FA53D500D51462 /* BankAccountsViewController.swift */ = {isa = PBXFileReference; fileEncoding = 4; lastKnownFileType = sourcecode.swift; path = BankAccountsViewController.swift; sourceTree = "<group>"; };
		E29925EC2435B02900AE5D6F /* LaunchViewController.swift */ = {isa = PBXFileReference; lastKnownFileType = sourcecode.swift; path = LaunchViewController.swift; sourceTree = "<group>"; };
		E29925EE2437104700AE5D6F /* WILDFIRE.png */ = {isa = PBXFileReference; lastKnownFileType = image.png; name = WILDFIRE.png; path = ../../Downloads/WILDFIRE.png; sourceTree = "<group>"; };
		E29925F02437105800AE5D6F /* WildfireLogo1500px.png */ = {isa = PBXFileReference; lastKnownFileType = image.png; name = WildfireLogo1500px.png; path = ../../Downloads/WildfireLogo1500px.png; sourceTree = "<group>"; };
		E29CF69523586AE700ADC0D0 /* ContactsViewController.swift */ = {isa = PBXFileReference; lastKnownFileType = sourcecode.swift; path = ContactsViewController.swift; sourceTree = "<group>"; };
		E29CF6972359BECD00ADC0D0 /* Send2ViewController.swift */ = {isa = PBXFileReference; lastKnownFileType = sourcecode.swift; path = Send2ViewController.swift; sourceTree = "<group>"; };
		E29EA43424062DAA0059C7A4 /* Graphics */ = {isa = PBXFileReference; fileEncoding = 4; lastKnownFileType = text; path = Graphics; sourceTree = SOURCE_ROOT; };
		E2A45D3E240F789D00EC7975 /* ButtonStyleViewController.swift */ = {isa = PBXFileReference; lastKnownFileType = sourcecode.swift; path = ButtonStyleViewController.swift; sourceTree = "<group>"; };
		E2A45D402415D0F100EC7975 /* Wildfire1.1.entitlements */ = {isa = PBXFileReference; lastKnownFileType = text.plist.entitlements; path = Wildfire1.1.entitlements; sourceTree = "<group>"; };
		E2A45D432419BC9800EC7975 /* InfoViews.swift */ = {isa = PBXFileReference; lastKnownFileType = sourcecode.swift; path = InfoViews.swift; sourceTree = "<group>"; };
		E2AD346721F384430030FA2E /* Assets.xcassets */ = {isa = PBXFileReference; lastKnownFileType = folder.assetcatalog; path = Assets.xcassets; sourceTree = "<group>"; };
		E2B979DE23295DB000194E75 /* ConfirmViewController.swift */ = {isa = PBXFileReference; lastKnownFileType = sourcecode.swift; path = ConfirmViewController.swift; sourceTree = "<group>"; };
		E2BEF97224468F79002EE61B /* TopUpViewController.swift */ = {isa = PBXFileReference; lastKnownFileType = sourcecode.swift; path = TopUpViewController.swift; sourceTree = "<group>"; };
		E2BEF9742446DA74002EE61B /* CreditAddedSuccessViewController.swift */ = {isa = PBXFileReference; lastKnownFileType = sourcecode.swift; path = CreditAddedSuccessViewController.swift; sourceTree = "<group>"; };
		E2BEF97924486055002EE61B /* GoogleService-Info.plist */ = {isa = PBXFileReference; fileEncoding = 4; lastKnownFileType = text.plist.xml; name = "GoogleService-Info.plist"; path = "../../Downloads/GoogleService-Info.plist"; sourceTree = "<group>"; };
		E2C23A68244D4D6B003B6CEE /* TermsViewController.swift */ = {isa = PBXFileReference; lastKnownFileType = sourcecode.swift; path = TermsViewController.swift; sourceTree = "<group>"; };
		E2CDF4AA235F2126002E155D /* PhoneViewController.swift */ = {isa = PBXFileReference; lastKnownFileType = sourcecode.swift; path = PhoneViewController.swift; sourceTree = "<group>"; };
		E2CDF4AC235F2859002E155D /* VerificationCodeViewController.swift */ = {isa = PBXFileReference; lastKnownFileType = sourcecode.swift; path = VerificationCodeViewController.swift; sourceTree = "<group>"; };
		E2DEF200240D0610006A6106 /* DocumentTypeViewController.swift */ = {isa = PBXFileReference; lastKnownFileType = sourcecode.swift; path = DocumentTypeViewController.swift; sourceTree = "<group>"; };
		E2DEF202240E2C96006A6106 /* KYCSuccessViewController.swift */ = {isa = PBXFileReference; lastKnownFileType = sourcecode.swift; path = KYCSuccessViewController.swift; sourceTree = "<group>"; };
		E2E283FC240CDDA200D97DDF /* PassportUploadViewController.swift */ = {isa = PBXFileReference; lastKnownFileType = sourcecode.swift; path = PassportUploadViewController.swift; sourceTree = "<group>"; };
		E2E283FE240CDDD400D97DDF /* DriverLicenceFrontUploadViewController.swift */ = {isa = PBXFileReference; lastKnownFileType = sourcecode.swift; path = DriverLicenceFrontUploadViewController.swift; sourceTree = "<group>"; };
		E2E28400240CDDE600D97DDF /* DriverLicenceBackUploadViewController.swift */ = {isa = PBXFileReference; lastKnownFileType = sourcecode.swift; path = DriverLicenceBackUploadViewController.swift; sourceTree = "<group>"; };
		E2FA9ED52333D70D0068792D /* PaymentSetupViewController.swift */ = {isa = PBXFileReference; lastKnownFileType = sourcecode.swift; path = PaymentSetupViewController.swift; sourceTree = "<group>"; };
		E2FA9ED72334E6130068792D /* NetworkingClient.swift */ = {isa = PBXFileReference; lastKnownFileType = sourcecode.swift; path = NetworkingClient.swift; sourceTree = "<group>"; };
		E39DF65F0B716BEA2ADC4042 /* Pods-Wildfire1.1Tests.release.xcconfig */ = {isa = PBXFileReference; includeInIndex = 1; lastKnownFileType = text.xcconfig; name = "Pods-Wildfire1.1Tests.release.xcconfig"; path = "Pods/Target Support Files/Pods-Wildfire1.1Tests/Pods-Wildfire1.1Tests.release.xcconfig"; sourceTree = "<group>"; };
		F9AA015D5574A5F3F757AF97 /* Pods-Wildfire1.1.debug.xcconfig */ = {isa = PBXFileReference; includeInIndex = 1; lastKnownFileType = text.xcconfig; name = "Pods-Wildfire1.1.debug.xcconfig"; path = "Pods/Target Support Files/Pods-Wildfire1.1/Pods-Wildfire1.1.debug.xcconfig"; sourceTree = "<group>"; };
/* End PBXFileReference section */

/* Begin PBXFrameworksBuildPhase section */
		E21AC95C21EA6BEF00D460A9 /* Frameworks */ = {
			isa = PBXFrameworksBuildPhase;
			buildActionMask = 2147483647;
			files = (
				CF708C6E3C57CC394A962DF4 /* Pods_Wildfire.framework in Frameworks */,
			);
			runOnlyForDeploymentPostprocessing = 0;
		};
		E21AC97221EA6BF000D460A9 /* Frameworks */ = {
			isa = PBXFrameworksBuildPhase;
			buildActionMask = 2147483647;
			files = (
				BA5775FCEF6517559C1353DB /* Pods_Wildfire1_1Tests.framework in Frameworks */,
			);
			runOnlyForDeploymentPostprocessing = 0;
		};
/* End PBXFrameworksBuildPhase section */

/* Begin PBXGroup section */
		0237F5F24E5C98FFDA47F9E4 /* Pods */ = {
			isa = PBXGroup;
			children = (
				F9AA015D5574A5F3F757AF97 /* Pods-Wildfire1.1.debug.xcconfig */,
				2E74D15B5FC7AC373C8CDDA2 /* Pods-Wildfire1.1.release.xcconfig */,
				B1E15A2B9797B338CC0D02CA /* Pods-Wildfire1.1Tests.debug.xcconfig */,
				E39DF65F0B716BEA2ADC4042 /* Pods-Wildfire1.1Tests.release.xcconfig */,
				D09E9BCCC2AD60710AAC8F2E /* Pods-Wildfire.debug.xcconfig */,
				751530234A92A18BF95F2537 /* Pods-Wildfire.release.xcconfig */,
			);
			name = Pods;
			sourceTree = "<group>";
		};
		1B3DDA1420FF8A65BC0E53E5 /* Frameworks */ = {
			isa = PBXGroup;
			children = (
				70977A2D67508CF8EB0AA3E3 /* Pods_Wildfire1_1Tests.framework */,
				C3D8F0BEBC6D607CD2E3D6C6 /* Pods_Wildfire.framework */,
			);
			name = Frameworks;
			sourceTree = "<group>";
		};
		E21AC95621EA6BEF00D460A9 = {
			isa = PBXGroup;
			children = (
				E21AC96121EA6BEF00D460A9 /* Wildfire1.1 */,
				E21AC97821EA6BF000D460A9 /* Wildfire1.1Tests */,
				E21AC96021EA6BEF00D460A9 /* Products */,
				0237F5F24E5C98FFDA47F9E4 /* Pods */,
				1B3DDA1420FF8A65BC0E53E5 /* Frameworks */,
			);
			sourceTree = "<group>";
		};
		E21AC96021EA6BEF00D460A9 /* Products */ = {
			isa = PBXGroup;
			children = (
				E21AC95F21EA6BEF00D460A9 /* Wildfire.app */,
				E21AC97521EA6BF000D460A9 /* Wildfire1.1Tests.xctest */,
			);
			name = Products;
			sourceTree = "<group>";
		};
		E21AC96121EA6BEF00D460A9 /* Wildfire1.1 */ = {
			isa = PBXGroup;
			children = (
				E2A45D402415D0F100EC7975 /* Wildfire1.1.entitlements */,
				E21AC96221EA6BEF00D460A9 /* AppDelegate.swift */,
				E21AC96D21EA6BF000D460A9 /* LaunchScreen.storyboard */,
				E21AC96821EA6BEF00D460A9 /* Main.storyboard */,
				E25C87C02441AAD9003EE6A0 /* Open_Sans */,
				E24388A623154A5800948AD5 /* Helpers */,
				E257EA28230D8A9F003E2A32 /* ViewControllers */,
				E24388AB2315824D00948AD5 /* Media */,
				E29925EE2437104700AE5D6F /* WILDFIRE.png */,
				E29925F02437105800AE5D6F /* WildfireLogo1500px.png */,
				E2AD346721F384430030FA2E /* Assets.xcassets */,
				E29EA43424062DAA0059C7A4 /* Graphics */,
				E21AC97021EA6BF000D460A9 /* Info.plist */,
				E2BEF97924486055002EE61B /* GoogleService-Info.plist */,
			);
			path = Wildfire1.1;
			sourceTree = "<group>";
		};
		E21AC97821EA6BF000D460A9 /* Wildfire1.1Tests */ = {
			isa = PBXGroup;
			children = (
				E21AC97921EA6BF000D460A9 /* Wildfire1_1Tests.swift */,
				E21AC97B21EA6BF000D460A9 /* Info.plist */,
			);
			path = Wildfire1.1Tests;
			sourceTree = "<group>";
		};
		E24388A623154A5800948AD5 /* Helpers */ = {
			isa = PBXGroup;
			children = (
				E24388A423154A5200948AD5 /* Utilities.swift */,
				E24388A72315532200948AD5 /* Constants.swift */,
				E24388A9231575DA00948AD5 /* CustomSegues.swift */,
				E2FA9ED72334E6130068792D /* NetworkingClient.swift */,
				E25213B8234E4375003B2160 /* FirebaseAuthManager.swift */,
			);
			path = Helpers;
			sourceTree = "<group>";
		};
		E24388AB2315824D00948AD5 /* Media */ = {
			isa = PBXGroup;
			children = (
				E24388AC2315A5AC00948AD5 /* WildfireLogin.mp4 */,
			);
			path = Media;
			sourceTree = "<group>";
		};
		E257EA28230D8A9F003E2A32 /* ViewControllers */ = {
			isa = PBXGroup;
			children = (
				E29925EC2435B02900AE5D6F /* LaunchViewController.swift */,
				E2149703231410240048D149 /* HomeViewController.swift */,
				E2026708230ED8CF003C0AF4 /* LoginViewController.swift */,
				E279717E231433D500964F25 /* ExistingUserViewController.swift */,
				E21AC96421EA6BEF00D460A9 /* PayViewController.swift */,
				E21AC99621EA850C00D460A9 /* ScanViewController.swift */,
				E2B979DE23295DB000194E75 /* ConfirmViewController.swift */,
				E23331D223328C630039E6A2 /* SuccessViewController.swift */,
				E21AC96621EA6BEF00D460A9 /* ReceiveViewController.swift */,
				E2FA9ED52333D70D0068792D /* PaymentSetupViewController.swift */,
				E21AC98421EA6C9E00D460A9 /* AccountViewController.swift */,
				E26039772350DABA0031C792 /* ProfilePicViewController.swift */,
				E279717C231433AF00964F25 /* SignUpViewController.swift */,
				E2676366235614DB00D079C6 /* formStep2ViewController.swift */,
				E26763642355EE6B00D079C6 /* formStep3ViewController.swift */,
				E29CF69523586AE700ADC0D0 /* ContactsViewController.swift */,
				E29CF6972359BECD00ADC0D0 /* Send2ViewController.swift */,
				E2CDF4AA235F2126002E155D /* PhoneViewController.swift */,
				E2CDF4AC235F2859002E155D /* VerificationCodeViewController.swift */,
				E22A9CFC239546C400A35EC1 /* Account2ViewController.swift */,
				E2444DF723A0A7930035674D /* ReceiptsViewController.swift */,
				E22D7E0223A7393100F86487 /* DisplayReceiptViewController.swift */,
				E22D7E0423B04E8A00F86487 /* PaymentMethodsViewController.swift */,
				E222732923420BBE006D8326 /* AddCardViewController.swift */,
				E20104EB23E93D4F00441040 /* AddCard2TableViewController.swift */,
				E271C0CD23D81EED004245CC /* CardDetailsViewController.swift */,
				E271C0D123D99E6F004245CC /* EditProfileTableViewController.swift */,
				E20104ED23EB994F00441040 /* AddCardSuccessViewController.swift */,
				E284815C23FA53D500D51462 /* BankAccountsViewController.swift */,
				E252A5E823F3BD0D0023AEDC /* BankDetails1TableViewController.swift */,
				E252A5EB23F3BD220023AEDC /* BankDetails2TableViewController.swift */,
				E254470523FB7646005A37A1 /* BankDetailViewController.swift */,
				E254470723FCC58F005A37A1 /* DepositViewController.swift */,
				E254470923FCCF63005A37A1 /* ConfirmDepositViewController.swift */,
				E2E283FC240CDDA200D97DDF /* PassportUploadViewController.swift */,
				E2E283FE240CDDD400D97DDF /* DriverLicenceFrontUploadViewController.swift */,
				E2E28400240CDDE600D97DDF /* DriverLicenceBackUploadViewController.swift */,
				E2DEF200240D0610006A6106 /* DocumentTypeViewController.swift */,
				E2DEF202240E2C96006A6106 /* KYCSuccessViewController.swift */,
				E2A45D3E240F789D00EC7975 /* ButtonStyleViewController.swift */,
				E2A45D432419BC9800EC7975 /* InfoViews.swift */,
				E21710F8242466D5006B4FAE /* NotificationPaymentReceivedViewController.swift */,
				E2261D1A242F2F29008170DB /* AccountAddedViewController.swift */,
				E2BEF97224468F79002EE61B /* TopUpViewController.swift */,
				E2BEF9742446DA74002EE61B /* CreditAddedSuccessViewController.swift */,
				E2C23A68244D4D6B003B6CEE /* TermsViewController.swift */,
			);
			path = ViewControllers;
			sourceTree = "<group>";
		};
/* End PBXGroup section */

/* Begin PBXNativeTarget section */
		E21AC95E21EA6BEF00D460A9 /* Wildfire */ = {
			isa = PBXNativeTarget;
			buildConfigurationList = E21AC97E21EA6BF000D460A9 /* Build configuration list for PBXNativeTarget "Wildfire" */;
			buildPhases = (
				DA009A4BC750AD74C31623CC /* [CP] Check Pods Manifest.lock */,
				E21AC95B21EA6BEF00D460A9 /* Sources */,
				E21AC95C21EA6BEF00D460A9 /* Frameworks */,
				E21AC95D21EA6BEF00D460A9 /* Resources */,
				A15E63582A1D6054BA5B8753 /* [CP] Embed Pods Frameworks */,
				E26AEB5724494ECE008D2D23 /* ShellScript */,
			);
			buildRules = (
			);
			dependencies = (
			);
			name = Wildfire;
			productName = Wildfire1.1;
			productReference = E21AC95F21EA6BEF00D460A9 /* Wildfire.app */;
			productType = "com.apple.product-type.application";
		};
		E21AC97421EA6BF000D460A9 /* Wildfire1.1Tests */ = {
			isa = PBXNativeTarget;
			buildConfigurationList = E21AC98121EA6BF000D460A9 /* Build configuration list for PBXNativeTarget "Wildfire1.1Tests" */;
			buildPhases = (
				2BA11B43C113B5A89DA0D40E /* [CP] Check Pods Manifest.lock */,
				E21AC97121EA6BF000D460A9 /* Sources */,
				E21AC97221EA6BF000D460A9 /* Frameworks */,
				E21AC97321EA6BF000D460A9 /* Resources */,
			);
			buildRules = (
			);
			dependencies = (
				E21AC97721EA6BF000D460A9 /* PBXTargetDependency */,
			);
			name = Wildfire1.1Tests;
			productName = Wildfire1.1Tests;
			productReference = E21AC97521EA6BF000D460A9 /* Wildfire1.1Tests.xctest */;
			productType = "com.apple.product-type.bundle.unit-test";
		};
/* End PBXNativeTarget section */

/* Begin PBXProject section */
		E21AC95721EA6BEF00D460A9 /* Project object */ = {
			isa = PBXProject;
			attributes = {
				LastSwiftUpdateCheck = 1010;
				LastUpgradeCheck = 1010;
				ORGANIZATIONNAME = Wildfire;
				TargetAttributes = {
					E21AC95E21EA6BEF00D460A9 = {
						CreatedOnToolsVersion = 10.1;
						LastSwiftMigration = 1030;
					};
					E21AC97421EA6BF000D460A9 = {
						CreatedOnToolsVersion = 10.1;
						LastSwiftMigration = 1030;
						TestTargetID = E21AC95E21EA6BEF00D460A9;
					};
				};
			};
			buildConfigurationList = E21AC95A21EA6BEF00D460A9 /* Build configuration list for PBXProject "Wildfire" */;
			compatibilityVersion = "Xcode 9.3";
			developmentRegion = en;
			hasScannedForEncodings = 0;
			knownRegions = (
				en,
				Base,
			);
			mainGroup = E21AC95621EA6BEF00D460A9;
			productRefGroup = E21AC96021EA6BEF00D460A9 /* Products */;
			projectDirPath = "";
			projectRoot = "";
			targets = (
				E21AC95E21EA6BEF00D460A9 /* Wildfire */,
				E21AC97421EA6BF000D460A9 /* Wildfire1.1Tests */,
			);
		};
/* End PBXProject section */

/* Begin PBXResourcesBuildPhase section */
		E21AC95D21EA6BEF00D460A9 /* Resources */ = {
			isa = PBXResourcesBuildPhase;
			buildActionMask = 2147483647;
			files = (
				E21AC96F21EA6BF000D460A9 /* LaunchScreen.storyboard in Resources */,
				E24388AD2315A5AC00948AD5 /* WildfireLogin.mp4 in Resources */,
				E2BEF97A24486055002EE61B /* GoogleService-Info.plist in Resources */,
				E25C87C12441AADA003EE6A0 /* Open_Sans in Resources */,
				E29925EF2437104800AE5D6F /* WILDFIRE.png in Resources */,
				E29EA43524062DAA0059C7A4 /* Graphics in Resources */,
				E2AD346821F384430030FA2E /* Assets.xcassets in Resources */,
				E29925F12437105900AE5D6F /* WildfireLogo1500px.png in Resources */,
				E21AC96A21EA6BEF00D460A9 /* Main.storyboard in Resources */,
			);
			runOnlyForDeploymentPostprocessing = 0;
		};
		E21AC97321EA6BF000D460A9 /* Resources */ = {
			isa = PBXResourcesBuildPhase;
			buildActionMask = 2147483647;
			files = (
				E2BEF97B24486055002EE61B /* GoogleService-Info.plist in Resources */,
			);
			runOnlyForDeploymentPostprocessing = 0;
		};
/* End PBXResourcesBuildPhase section */

/* Begin PBXShellScriptBuildPhase section */
		2BA11B43C113B5A89DA0D40E /* [CP] Check Pods Manifest.lock */ = {
			isa = PBXShellScriptBuildPhase;
			buildActionMask = 2147483647;
			files = (
			);
			inputFileListPaths = (
			);
			inputPaths = (
				"${PODS_PODFILE_DIR_PATH}/Podfile.lock",
				"${PODS_ROOT}/Manifest.lock",
			);
			name = "[CP] Check Pods Manifest.lock";
			outputFileListPaths = (
			);
			outputPaths = (
				"$(DERIVED_FILE_DIR)/Pods-Wildfire1.1Tests-checkManifestLockResult.txt",
			);
			runOnlyForDeploymentPostprocessing = 0;
			shellPath = /bin/sh;
			shellScript = "diff \"${PODS_PODFILE_DIR_PATH}/Podfile.lock\" \"${PODS_ROOT}/Manifest.lock\" > /dev/null\nif [ $? != 0 ] ; then\n    # print error to STDERR\n    echo \"error: The sandbox is not in sync with the Podfile.lock. Run 'pod install' or update your CocoaPods installation.\" >&2\n    exit 1\nfi\n# This output is used by Xcode 'outputs' to avoid re-running this script phase.\necho \"SUCCESS\" > \"${SCRIPT_OUTPUT_FILE_0}\"\n";
			showEnvVarsInLog = 0;
		};
		A15E63582A1D6054BA5B8753 /* [CP] Embed Pods Frameworks */ = {
			isa = PBXShellScriptBuildPhase;
			buildActionMask = 2147483647;
			files = (
			);
			inputFileListPaths = (
				"${PODS_ROOT}/Target Support Files/Pods-Wildfire/Pods-Wildfire-frameworks-${CONFIGURATION}-input-files.xcfilelist",
			);
			name = "[CP] Embed Pods Frameworks";
			outputFileListPaths = (
				"${PODS_ROOT}/Target Support Files/Pods-Wildfire/Pods-Wildfire-frameworks-${CONFIGURATION}-output-files.xcfilelist",
			);
			runOnlyForDeploymentPostprocessing = 0;
			shellPath = /bin/sh;
			shellScript = "\"${PODS_ROOT}/Target Support Files/Pods-Wildfire/Pods-Wildfire-frameworks.sh\"\n";
			showEnvVarsInLog = 0;
		};
		DA009A4BC750AD74C31623CC /* [CP] Check Pods Manifest.lock */ = {
			isa = PBXShellScriptBuildPhase;
			buildActionMask = 2147483647;
			files = (
			);
			inputFileListPaths = (
			);
			inputPaths = (
				"${PODS_PODFILE_DIR_PATH}/Podfile.lock",
				"${PODS_ROOT}/Manifest.lock",
			);
			name = "[CP] Check Pods Manifest.lock";
			outputFileListPaths = (
			);
			outputPaths = (
				"$(DERIVED_FILE_DIR)/Pods-Wildfire-checkManifestLockResult.txt",
			);
			runOnlyForDeploymentPostprocessing = 0;
			shellPath = /bin/sh;
			shellScript = "diff \"${PODS_PODFILE_DIR_PATH}/Podfile.lock\" \"${PODS_ROOT}/Manifest.lock\" > /dev/null\nif [ $? != 0 ] ; then\n    # print error to STDERR\n    echo \"error: The sandbox is not in sync with the Podfile.lock. Run 'pod install' or update your CocoaPods installation.\" >&2\n    exit 1\nfi\n# This output is used by Xcode 'outputs' to avoid re-running this script phase.\necho \"SUCCESS\" > \"${SCRIPT_OUTPUT_FILE_0}\"\n";
			showEnvVarsInLog = 0;
		};
		E26AEB5724494ECE008D2D23 /* ShellScript */ = {
			isa = PBXShellScriptBuildPhase;
			buildActionMask = 2147483647;
			files = (
			);
			inputFileListPaths = (
			);
			inputPaths = (
				"${DWARF_DSYM_FOLDER_PATH}/${DWARF_DSYM_FILE_NAME}/Contents/Resources/DWARF/${TARGET_NAME}",
				"$(SRCROOT)/$(BUILT_PRODUCTS_DIR)/$(INFOPLIST_PATH)",
			);
			outputFileListPaths = (
			);
			outputPaths = (
			);
			runOnlyForDeploymentPostprocessing = 0;
			shellPath = /bin/sh;
			shellScript = "# Type a script or drag a script file from your workspace to insert its path.\n\"${PODS_ROOT}/FirebaseCrashlytics/run\"\n";
		};
/* End PBXShellScriptBuildPhase section */

/* Begin PBXSourcesBuildPhase section */
		E21AC95B21EA6BEF00D460A9 /* Sources */ = {
			isa = PBXSourcesBuildPhase;
			buildActionMask = 2147483647;
			files = (
				E2DEF201240D0610006A6106 /* DocumentTypeViewController.swift in Sources */,
				E2026709230ED8CF003C0AF4 /* LoginViewController.swift in Sources */,
				E271C0CE23D81EED004245CC /* CardDetailsViewController.swift in Sources */,
				E2A45D442419BC9800EC7975 /* InfoViews.swift in Sources */,
				E29CF69623586AE700ADC0D0 /* ContactsViewController.swift in Sources */,
				E2FA9ED62333D70D0068792D /* PaymentSetupViewController.swift in Sources */,
				E26039782350DABA0031C792 /* ProfilePicViewController.swift in Sources */,
				E24388A82315532200948AD5 /* Constants.swift in Sources */,
				E21AC96721EA6BEF00D460A9 /* ReceiveViewController.swift in Sources */,
				E2B979E3232960B000194E75 /* ConfirmViewController.swift in Sources */,
				E20104EC23E93D4F00441040 /* AddCard2TableViewController.swift in Sources */,
				E254470823FCC58F005A37A1 /* DepositViewController.swift in Sources */,
				E2E28401240CDDE600D97DDF /* DriverLicenceBackUploadViewController.swift in Sources */,
				E2DEF203240E2C96006A6106 /* KYCSuccessViewController.swift in Sources */,
				E254470623FB7646005A37A1 /* BankDetailViewController.swift in Sources */,
				E2B979E12329609E00194E75 /* ScanViewController.swift in Sources */,
				E2CDF4AD235F2859002E155D /* VerificationCodeViewController.swift in Sources */,
				E279717D231433AF00964F25 /* SignUpViewController.swift in Sources */,
				E2261D1B242F2F29008170DB /* AccountAddedViewController.swift in Sources */,
				E271C0D223D99E6F004245CC /* EditProfileTableViewController.swift in Sources */,
				E2444DF823A0A7930035674D /* ReceiptsViewController.swift in Sources */,
				E2BEF9752446DA74002EE61B /* CreditAddedSuccessViewController.swift in Sources */,
				E21AC96321EA6BEF00D460A9 /* AppDelegate.swift in Sources */,
				E2E283FD240CDDA200D97DDF /* PassportUploadViewController.swift in Sources */,
				E2FA9ED82334E6130068792D /* NetworkingClient.swift in Sources */,
				E284815D23FA53D500D51462 /* BankAccountsViewController.swift in Sources */,
				E2E283FF240CDDD400D97DDF /* DriverLicenceFrontUploadViewController.swift in Sources */,
				E254470A23FCCF63005A37A1 /* ConfirmDepositViewController.swift in Sources */,
				E29CF6982359BECD00ADC0D0 /* Send2ViewController.swift in Sources */,
				E252A5EC23F3BD220023AEDC /* BankDetails2TableViewController.swift in Sources */,
				E2BEF97324468F79002EE61B /* TopUpViewController.swift in Sources */,
				E24388AA231575DA00948AD5 /* CustomSegues.swift in Sources */,
				E23331D323328C630039E6A2 /* SuccessViewController.swift in Sources */,
				E21AC98521EA6C9E00D460A9 /* AccountViewController.swift in Sources */,
				E25213B9234E4375003B2160 /* FirebaseAuthManager.swift in Sources */,
				E29925ED2435B02900AE5D6F /* LaunchViewController.swift in Sources */,
				E22D7E0323A7393100F86487 /* DisplayReceiptViewController.swift in Sources */,
				E21710F9242466D5006B4FAE /* NotificationPaymentReceivedViewController.swift in Sources */,
				E22A9CFD239546C400A35EC1 /* Account2ViewController.swift in Sources */,
				E21AC96521EA6BEF00D460A9 /* PayViewController.swift in Sources */,
				E222732A23420BBE006D8326 /* AddCardViewController.swift in Sources */,
				E22D7E0523B04E8A00F86487 /* PaymentMethodsViewController.swift in Sources */,
				E2C23A69244D4D6B003B6CEE /* TermsViewController.swift in Sources */,
				E252A5E923F3BD0D0023AEDC /* BankDetails1TableViewController.swift in Sources */,
				E279717F231433D500964F25 /* ExistingUserViewController.swift in Sources */,
				E24388A523154A5200948AD5 /* Utilities.swift in Sources */,
				E20104EE23EB994F00441040 /* AddCardSuccessViewController.swift in Sources */,
				E2A45D3F240F789D00EC7975 /* ButtonStyleViewController.swift in Sources */,
				E26763652355EE6B00D079C6 /* formStep3ViewController.swift in Sources */,
				E2CDF4AB235F2126002E155D /* PhoneViewController.swift in Sources */,
				E2149704231410240048D149 /* HomeViewController.swift in Sources */,
				E2676367235614DB00D079C6 /* formStep2ViewController.swift in Sources */,
			);
			runOnlyForDeploymentPostprocessing = 0;
		};
		E21AC97121EA6BF000D460A9 /* Sources */ = {
			isa = PBXSourcesBuildPhase;
			buildActionMask = 2147483647;
			files = (
				E21AC97A21EA6BF000D460A9 /* Wildfire1_1Tests.swift in Sources */,
			);
			runOnlyForDeploymentPostprocessing = 0;
		};
/* End PBXSourcesBuildPhase section */

/* Begin PBXTargetDependency section */
		E21AC97721EA6BF000D460A9 /* PBXTargetDependency */ = {
			isa = PBXTargetDependency;
			target = E21AC95E21EA6BEF00D460A9 /* Wildfire */;
			targetProxy = E21AC97621EA6BF000D460A9 /* PBXContainerItemProxy */;
		};
/* End PBXTargetDependency section */

/* Begin PBXVariantGroup section */
		E21AC96821EA6BEF00D460A9 /* Main.storyboard */ = {
			isa = PBXVariantGroup;
			children = (
				E21AC96921EA6BEF00D460A9 /* Base */,
			);
			name = Main.storyboard;
			sourceTree = "<group>";
		};
		E21AC96D21EA6BF000D460A9 /* LaunchScreen.storyboard */ = {
			isa = PBXVariantGroup;
			children = (
				E21AC96E21EA6BF000D460A9 /* Base */,
			);
			name = LaunchScreen.storyboard;
			sourceTree = "<group>";
		};
/* End PBXVariantGroup section */

/* Begin XCBuildConfiguration section */
		E21AC97C21EA6BF000D460A9 /* Debug */ = {
			isa = XCBuildConfiguration;
			buildSettings = {
				ALWAYS_SEARCH_USER_PATHS = NO;
				CLANG_ANALYZER_NONNULL = YES;
				CLANG_ANALYZER_NUMBER_OBJECT_CONVERSION = YES_AGGRESSIVE;
				CLANG_CXX_LANGUAGE_STANDARD = "gnu++14";
				CLANG_CXX_LIBRARY = "libc++";
				CLANG_ENABLE_MODULES = YES;
				CLANG_ENABLE_OBJC_ARC = YES;
				CLANG_ENABLE_OBJC_WEAK = YES;
				CLANG_WARN_BLOCK_CAPTURE_AUTORELEASING = YES;
				CLANG_WARN_BOOL_CONVERSION = YES;
				CLANG_WARN_COMMA = YES;
				CLANG_WARN_CONSTANT_CONVERSION = YES;
				CLANG_WARN_DEPRECATED_OBJC_IMPLEMENTATIONS = YES;
				CLANG_WARN_DIRECT_OBJC_ISA_USAGE = YES_ERROR;
				CLANG_WARN_DOCUMENTATION_COMMENTS = YES;
				CLANG_WARN_EMPTY_BODY = YES;
				CLANG_WARN_ENUM_CONVERSION = YES;
				CLANG_WARN_INFINITE_RECURSION = YES;
				CLANG_WARN_INT_CONVERSION = YES;
				CLANG_WARN_NON_LITERAL_NULL_CONVERSION = YES;
				CLANG_WARN_OBJC_IMPLICIT_RETAIN_SELF = YES;
				CLANG_WARN_OBJC_LITERAL_CONVERSION = YES;
				CLANG_WARN_OBJC_ROOT_CLASS = YES_ERROR;
				CLANG_WARN_RANGE_LOOP_ANALYSIS = YES;
				CLANG_WARN_STRICT_PROTOTYPES = YES;
				CLANG_WARN_SUSPICIOUS_MOVE = YES;
				CLANG_WARN_UNGUARDED_AVAILABILITY = YES_AGGRESSIVE;
				CLANG_WARN_UNREACHABLE_CODE = YES;
				CLANG_WARN__DUPLICATE_METHOD_MATCH = YES;
				CODE_SIGN_IDENTITY = "iPhone Developer";
				COPY_PHASE_STRIP = NO;
				DEBUG_INFORMATION_FORMAT = dwarf;
				ENABLE_STRICT_OBJC_MSGSEND = YES;
				ENABLE_TESTABILITY = YES;
				GCC_C_LANGUAGE_STANDARD = gnu11;
				GCC_DYNAMIC_NO_PIC = NO;
				GCC_NO_COMMON_BLOCKS = YES;
				GCC_OPTIMIZATION_LEVEL = 0;
				GCC_PREPROCESSOR_DEFINITIONS = (
					"DEBUG=1",
					"$(inherited)",
				);
				GCC_WARN_64_TO_32_BIT_CONVERSION = YES;
				GCC_WARN_ABOUT_RETURN_TYPE = YES_ERROR;
				GCC_WARN_UNDECLARED_SELECTOR = YES;
				GCC_WARN_UNINITIALIZED_AUTOS = YES_AGGRESSIVE;
				GCC_WARN_UNUSED_FUNCTION = YES;
				GCC_WARN_UNUSED_VARIABLE = YES;
				IPHONEOS_DEPLOYMENT_TARGET = 12.1;
				MTL_ENABLE_DEBUG_INFO = INCLUDE_SOURCE;
				MTL_FAST_MATH = YES;
				ONLY_ACTIVE_ARCH = YES;
				SDKROOT = iphoneos;
				SWIFT_ACTIVE_COMPILATION_CONDITIONS = DEBUG;
				SWIFT_OPTIMIZATION_LEVEL = "-Onone";
			};
			name = Debug;
		};
		E21AC97D21EA6BF000D460A9 /* Release */ = {
			isa = XCBuildConfiguration;
			buildSettings = {
				ALWAYS_SEARCH_USER_PATHS = NO;
				CLANG_ANALYZER_NONNULL = YES;
				CLANG_ANALYZER_NUMBER_OBJECT_CONVERSION = YES_AGGRESSIVE;
				CLANG_CXX_LANGUAGE_STANDARD = "gnu++14";
				CLANG_CXX_LIBRARY = "libc++";
				CLANG_ENABLE_MODULES = YES;
				CLANG_ENABLE_OBJC_ARC = YES;
				CLANG_ENABLE_OBJC_WEAK = YES;
				CLANG_WARN_BLOCK_CAPTURE_AUTORELEASING = YES;
				CLANG_WARN_BOOL_CONVERSION = YES;
				CLANG_WARN_COMMA = YES;
				CLANG_WARN_CONSTANT_CONVERSION = YES;
				CLANG_WARN_DEPRECATED_OBJC_IMPLEMENTATIONS = YES;
				CLANG_WARN_DIRECT_OBJC_ISA_USAGE = YES_ERROR;
				CLANG_WARN_DOCUMENTATION_COMMENTS = YES;
				CLANG_WARN_EMPTY_BODY = YES;
				CLANG_WARN_ENUM_CONVERSION = YES;
				CLANG_WARN_INFINITE_RECURSION = YES;
				CLANG_WARN_INT_CONVERSION = YES;
				CLANG_WARN_NON_LITERAL_NULL_CONVERSION = YES;
				CLANG_WARN_OBJC_IMPLICIT_RETAIN_SELF = YES;
				CLANG_WARN_OBJC_LITERAL_CONVERSION = YES;
				CLANG_WARN_OBJC_ROOT_CLASS = YES_ERROR;
				CLANG_WARN_RANGE_LOOP_ANALYSIS = YES;
				CLANG_WARN_STRICT_PROTOTYPES = YES;
				CLANG_WARN_SUSPICIOUS_MOVE = YES;
				CLANG_WARN_UNGUARDED_AVAILABILITY = YES_AGGRESSIVE;
				CLANG_WARN_UNREACHABLE_CODE = YES;
				CLANG_WARN__DUPLICATE_METHOD_MATCH = YES;
				CODE_SIGN_IDENTITY = "iPhone Developer";
				COPY_PHASE_STRIP = NO;
				DEBUG_INFORMATION_FORMAT = "dwarf-with-dsym";
				ENABLE_NS_ASSERTIONS = NO;
				ENABLE_STRICT_OBJC_MSGSEND = YES;
				GCC_C_LANGUAGE_STANDARD = gnu11;
				GCC_NO_COMMON_BLOCKS = YES;
				GCC_WARN_64_TO_32_BIT_CONVERSION = YES;
				GCC_WARN_ABOUT_RETURN_TYPE = YES_ERROR;
				GCC_WARN_UNDECLARED_SELECTOR = YES;
				GCC_WARN_UNINITIALIZED_AUTOS = YES_AGGRESSIVE;
				GCC_WARN_UNUSED_FUNCTION = YES;
				GCC_WARN_UNUSED_VARIABLE = YES;
				IPHONEOS_DEPLOYMENT_TARGET = 12.1;
				MTL_ENABLE_DEBUG_INFO = NO;
				MTL_FAST_MATH = YES;
				SDKROOT = iphoneos;
				SWIFT_COMPILATION_MODE = wholemodule;
				SWIFT_OPTIMIZATION_LEVEL = "-O";
				VALIDATE_PRODUCT = YES;
			};
			name = Release;
		};
		E21AC97F21EA6BF000D460A9 /* Debug */ = {
			isa = XCBuildConfiguration;
			baseConfigurationReference = D09E9BCCC2AD60710AAC8F2E /* Pods-Wildfire.debug.xcconfig */;
			buildSettings = {
				ASSETCATALOG_COMPILER_APPICON_NAME = AppIcon;
				CODE_SIGN_ENTITLEMENTS = Wildfire1.1/Wildfire1.1.entitlements;
				CODE_SIGN_STYLE = Automatic;
				DEBUG_INFORMATION_FORMAT = "dwarf-with-dsym";
				DEVELOPMENT_TEAM = D52N54SYXN;
				INFOPLIST_FILE = Wildfire1.1/Info.plist;
				IPHONEOS_DEPLOYMENT_TARGET = 12.1;
				LD_RUNPATH_SEARCH_PATHS = (
					"$(inherited)",
					"@executable_path/Frameworks",
				);
				PRODUCT_BUNDLE_IDENTIFIER = com.wildfire.WildfireWallet;
				PRODUCT_NAME = Wildfire;
				SWIFT_VERSION = 5.0;
				TARGETED_DEVICE_FAMILY = 1;
			};
			name = Debug;
		};
		E21AC98021EA6BF000D460A9 /* Release */ = {
			isa = XCBuildConfiguration;
			baseConfigurationReference = 751530234A92A18BF95F2537 /* Pods-Wildfire.release.xcconfig */;
			buildSettings = {
				ASSETCATALOG_COMPILER_APPICON_NAME = AppIcon;
				CODE_SIGN_ENTITLEMENTS = Wildfire1.1/Wildfire1.1.entitlements;
				CODE_SIGN_STYLE = Automatic;
				DEVELOPMENT_TEAM = D52N54SYXN;
				INFOPLIST_FILE = Wildfire1.1/Info.plist;
				IPHONEOS_DEPLOYMENT_TARGET = 12.1;
				LD_RUNPATH_SEARCH_PATHS = (
					"$(inherited)",
					"@executable_path/Frameworks",
				);
				PRODUCT_BUNDLE_IDENTIFIER = com.wildfire.WildfireWallet;
				PRODUCT_NAME = Wildfire;
				SWIFT_VERSION = 5.0;
				TARGETED_DEVICE_FAMILY = 1;
			};
			name = Release;
		};
		E21AC98221EA6BF000D460A9 /* Debug */ = {
			isa = XCBuildConfiguration;
			baseConfigurationReference = B1E15A2B9797B338CC0D02CA /* Pods-Wildfire1.1Tests.debug.xcconfig */;
			buildSettings = {
				ALWAYS_EMBED_SWIFT_STANDARD_LIBRARIES = YES;
				BUNDLE_LOADER = "$(TEST_HOST)";
				CODE_SIGN_STYLE = Automatic;
				DEVELOPMENT_TEAM = D52N54SYXN;
				INFOPLIST_FILE = Wildfire1.1Tests/Info.plist;
				LD_RUNPATH_SEARCH_PATHS = (
					"$(inherited)",
					"@executable_path/Frameworks",
					"@loader_path/Frameworks",
				);
				PRODUCT_BUNDLE_IDENTIFIER = "com.wildfire.Wildfire1-1Tests";
				PRODUCT_NAME = "$(TARGET_NAME)";
				SWIFT_VERSION = 5.0;
				TARGETED_DEVICE_FAMILY = "1,2";
				TEST_HOST = "$(BUILT_PRODUCTS_DIR)/Wildfire1.1.app/Wildfire1.1";
			};
			name = Debug;
		};
		E21AC98321EA6BF000D460A9 /* Release */ = {
			isa = XCBuildConfiguration;
			baseConfigurationReference = E39DF65F0B716BEA2ADC4042 /* Pods-Wildfire1.1Tests.release.xcconfig */;
			buildSettings = {
				ALWAYS_EMBED_SWIFT_STANDARD_LIBRARIES = YES;
				BUNDLE_LOADER = "$(TEST_HOST)";
				CODE_SIGN_STYLE = Automatic;
				DEVELOPMENT_TEAM = D52N54SYXN;
				INFOPLIST_FILE = Wildfire1.1Tests/Info.plist;
				LD_RUNPATH_SEARCH_PATHS = (
					"$(inherited)",
					"@executable_path/Frameworks",
					"@loader_path/Frameworks",
				);
				PRODUCT_BUNDLE_IDENTIFIER = "com.wildfire.Wildfire1-1Tests";
				PRODUCT_NAME = "$(TARGET_NAME)";
				SWIFT_VERSION = 5.0;
				TARGETED_DEVICE_FAMILY = "1,2";
				TEST_HOST = "$(BUILT_PRODUCTS_DIR)/Wildfire1.1.app/Wildfire1.1";
			};
			name = Release;
		};
/* End XCBuildConfiguration section */

/* Begin XCConfigurationList section */
		E21AC95A21EA6BEF00D460A9 /* Build configuration list for PBXProject "Wildfire" */ = {
			isa = XCConfigurationList;
			buildConfigurations = (
				E21AC97C21EA6BF000D460A9 /* Debug */,
				E21AC97D21EA6BF000D460A9 /* Release */,
			);
			defaultConfigurationIsVisible = 0;
			defaultConfigurationName = Release;
		};
		E21AC97E21EA6BF000D460A9 /* Build configuration list for PBXNativeTarget "Wildfire" */ = {
			isa = XCConfigurationList;
			buildConfigurations = (
				E21AC97F21EA6BF000D460A9 /* Debug */,
				E21AC98021EA6BF000D460A9 /* Release */,
			);
			defaultConfigurationIsVisible = 0;
			defaultConfigurationName = Release;
		};
		E21AC98121EA6BF000D460A9 /* Build configuration list for PBXNativeTarget "Wildfire1.1Tests" */ = {
			isa = XCConfigurationList;
			buildConfigurations = (
				E21AC98221EA6BF000D460A9 /* Debug */,
				E21AC98321EA6BF000D460A9 /* Release */,
			);
			defaultConfigurationIsVisible = 0;
			defaultConfigurationName = Release;
		};
/* End XCConfigurationList section */
	};
	rootObject = E21AC95721EA6BEF00D460A9 /* Project object */;
}
